// !$*UTF8*$!
{
	archiveVersion = 1;
	classes = {
	};
	objectVersion = 56;
	objects = {

/* Begin PBXBuildFile section */
		8D08121E2A78A08200A57A4C /* FooView.swift in Sources */ = {isa = PBXBuildFile; fileRef = 8D08121D2A78A08200A57A4C /* FooView.swift */; };
		8D3E2E642A7B0699005CC0BA /* MKCoordinateRegion+Extensions.swift in Sources */ = {isa = PBXBuildFile; fileRef = 8D3E2E632A7B0699005CC0BA /* MKCoordinateRegion+Extensions.swift */; };
		8DBD799A2A7AD59800BCFF06 /* LocationManager.swift in Sources */ = {isa = PBXBuildFile; fileRef = 8DBD79992A7AD59800BCFF06 /* LocationManager.swift */; };
		8DBD799D2A7AD5D700BCFF06 /* CLLocationCoordinate2D+Extensions.swift in Sources */ = {isa = PBXBuildFile; fileRef = 8DBD799C2A7AD5D700BCFF06 /* CLLocationCoordinate2D+Extensions.swift */; };
		8DBD79A02A7AD62100BCFF06 /* MapOptions.swift in Sources */ = {isa = PBXBuildFile; fileRef = 8DBD799F2A7AD62100BCFF06 /* MapOptions.swift */; };
		8DC9A9CF2A7823AE00B7BD89 /* Hello_MapsApp.swift in Sources */ = {isa = PBXBuildFile; fileRef = 8DC9A9CE2A7823AE00B7BD89 /* Hello_MapsApp.swift */; };
		8DC9A9D12A7823AE00B7BD89 /* ContentView.swift in Sources */ = {isa = PBXBuildFile; fileRef = 8DC9A9D02A7823AE00B7BD89 /* ContentView.swift */; };
		8DC9A9D32A7823AF00B7BD89 /* Assets.xcassets in Resources */ = {isa = PBXBuildFile; fileRef = 8DC9A9D22A7823AF00B7BD89 /* Assets.xcassets */; };
		8DC9A9D62A7823AF00B7BD89 /* Preview Assets.xcassets in Resources */ = {isa = PBXBuildFile; fileRef = 8DC9A9D52A7823AF00B7BD89 /* Preview Assets.xcassets */; };
/* End PBXBuildFile section */

/* Begin PBXFileReference section */
		8D08121D2A78A08200A57A4C /* FooView.swift */ = {isa = PBXFileReference; lastKnownFileType = sourcecode.swift; path = FooView.swift; sourceTree = "<group>"; };
		8D3E2E632A7B0699005CC0BA /* MKCoordinateRegion+Extensions.swift */ = {isa = PBXFileReference; lastKnownFileType = sourcecode.swift; path = "MKCoordinateRegion+Extensions.swift"; sourceTree = "<group>"; };
		8DBD79992A7AD59800BCFF06 /* LocationManager.swift */ = {isa = PBXFileReference; lastKnownFileType = sourcecode.swift; path = LocationManager.swift; sourceTree = "<group>"; };
		8DBD799C2A7AD5D700BCFF06 /* CLLocationCoordinate2D+Extensions.swift */ = {isa = PBXFileReference; lastKnownFileType = sourcecode.swift; path = "CLLocationCoordinate2D+Extensions.swift"; sourceTree = "<group>"; };
		8DBD799F2A7AD62100BCFF06 /* MapOptions.swift */ = {isa = PBXFileReference; lastKnownFileType = sourcecode.swift; path = MapOptions.swift; sourceTree = "<group>"; };
		8DC9A9CB2A7823AE00B7BD89 /* Hello-Maps.app */ = {isa = PBXFileReference; explicitFileType = wrapper.application; includeInIndex = 0; path = "Hello-Maps.app"; sourceTree = BUILT_PRODUCTS_DIR; };
		8DC9A9CE2A7823AE00B7BD89 /* Hello_MapsApp.swift */ = {isa = PBXFileReference; lastKnownFileType = sourcecode.swift; path = Hello_MapsApp.swift; sourceTree = "<group>"; };
		8DC9A9D02A7823AE00B7BD89 /* ContentView.swift */ = {isa = PBXFileReference; lastKnownFileType = sourcecode.swift; path = ContentView.swift; sourceTree = "<group>"; };
		8DC9A9D22A7823AF00B7BD89 /* Assets.xcassets */ = {isa = PBXFileReference; lastKnownFileType = folder.assetcatalog; path = Assets.xcassets; sourceTree = "<group>"; };
		8DC9A9D52A7823AF00B7BD89 /* Preview Assets.xcassets */ = {isa = PBXFileReference; lastKnownFileType = folder.assetcatalog; path = "Preview Assets.xcassets"; sourceTree = "<group>"; };
/* End PBXFileReference section */

/* Begin PBXFrameworksBuildPhase section */
		8DC9A9C82A7823AD00B7BD89 /* Frameworks */ = {
			isa = PBXFrameworksBuildPhase;
			buildActionMask = 2147483647;
			files = (
			);
			runOnlyForDeploymentPostprocessing = 0;
		};
/* End PBXFrameworksBuildPhase section */

/* Begin PBXGroup section */
		8DBD79982A7AD58B00BCFF06 /* Managers */ = {
			isa = PBXGroup;
			children = (
				8DBD79992A7AD59800BCFF06 /* LocationManager.swift */,
			);
			path = Managers;
			sourceTree = "<group>";
		};
		8DBD799B2A7AD5BF00BCFF06 /* Extensions */ = {
			isa = PBXGroup;
			children = (
				8DBD799C2A7AD5D700BCFF06 /* CLLocationCoordinate2D+Extensions.swift */,
				8D3E2E632A7B0699005CC0BA /* MKCoordinateRegion+Extensions.swift */,
			);
			path = Extensions;
			sourceTree = "<group>";
		};
		8DBD799E2A7AD60500BCFF06 /* Models */ = {
			isa = PBXGroup;
			children = (
				8DBD799F2A7AD62100BCFF06 /* MapOptions.swift */,
			);
			path = Models;
			sourceTree = "<group>";
		};
		8DC9A9C22A7823AD00B7BD89 = {
			isa = PBXGroup;
			children = (
				8DC9A9CD2A7823AE00B7BD89 /* Hello-Maps */,
				8DC9A9CC2A7823AE00B7BD89 /* Products */,
			);
			sourceTree = "<group>";
		};
		8DC9A9CC2A7823AE00B7BD89 /* Products */ = {
			isa = PBXGroup;
			children = (
				8DC9A9CB2A7823AE00B7BD89 /* Hello-Maps.app */,
			);
			name = Products;
			sourceTree = "<group>";
		};
		8DC9A9CD2A7823AE00B7BD89 /* Hello-Maps */ = {
			isa = PBXGroup;
			children = (
				8DBD799E2A7AD60500BCFF06 /* Models */,
				8DBD799B2A7AD5BF00BCFF06 /* Extensions */,
				8DBD79982A7AD58B00BCFF06 /* Managers */,
				8DC9A9CE2A7823AE00B7BD89 /* Hello_MapsApp.swift */,
				8DC9A9D02A7823AE00B7BD89 /* ContentView.swift */,
				8DC9A9D22A7823AF00B7BD89 /* Assets.xcassets */,
				8DC9A9D42A7823AF00B7BD89 /* Preview Content */,
				8D08121D2A78A08200A57A4C /* FooView.swift */,
			);
			path = "Hello-Maps";
			sourceTree = "<group>";
		};
		8DC9A9D42A7823AF00B7BD89 /* Preview Content */ = {
			isa = PBXGroup;
			children = (
				8DC9A9D52A7823AF00B7BD89 /* Preview Assets.xcassets */,
			);
			path = "Preview Content";
			sourceTree = "<group>";
		};
/* End PBXGroup section */

/* Begin PBXNativeTarget section */
		8DC9A9CA2A7823AD00B7BD89 /* Hello-Maps */ = {
			isa = PBXNativeTarget;
			buildConfigurationList = 8DC9A9D92A7823AF00B7BD89 /* Build configuration list for PBXNativeTarget "Hello-Maps" */;
			buildPhases = (
				8DC9A9C72A7823AD00B7BD89 /* Sources */,
				8DC9A9C82A7823AD00B7BD89 /* Frameworks */,
				8DC9A9C92A7823AD00B7BD89 /* Resources */,
			);
			buildRules = (
			);
			dependencies = (
			);
			name = "Hello-Maps";
			productName = "Hello-Maps";
			productReference = 8DC9A9CB2A7823AE00B7BD89 /* Hello-Maps.app */;
			productType = "com.apple.product-type.application";
		};
/* End PBXNativeTarget section */

/* Begin PBXProject section */
		8DC9A9C32A7823AD00B7BD89 /* Project object */ = {
			isa = PBXProject;
			attributes = {
				BuildIndependentTargetsInParallel = 1;
				LastSwiftUpdateCheck = 1500;
				LastUpgradeCheck = 1500;
				TargetAttributes = {
					8DC9A9CA2A7823AD00B7BD89 = {
						CreatedOnToolsVersion = 15.0;
					};
				};
			};
			buildConfigurationList = 8DC9A9C62A7823AD00B7BD89 /* Build configuration list for PBXProject "Hello-Maps" */;
			compatibilityVersion = "Xcode 14.0";
			developmentRegion = en;
			hasScannedForEncodings = 0;
			knownRegions = (
				en,
				Base,
			);
			mainGroup = 8DC9A9C22A7823AD00B7BD89;
			productRefGroup = 8DC9A9CC2A7823AE00B7BD89 /* Products */;
			projectDirPath = "";
			projectRoot = "";
			targets = (
				8DC9A9CA2A7823AD00B7BD89 /* Hello-Maps */,
			);
		};
/* End PBXProject section */

/* Begin PBXResourcesBuildPhase section */
		8DC9A9C92A7823AD00B7BD89 /* Resources */ = {
			isa = PBXResourcesBuildPhase;
			buildActionMask = 2147483647;
			files = (
				8DC9A9D62A7823AF00B7BD89 /* Preview Assets.xcassets in Resources */,
				8DC9A9D32A7823AF00B7BD89 /* Assets.xcassets in Resources */,
			);
			runOnlyForDeploymentPostprocessing = 0;
		};
/* End PBXResourcesBuildPhase section */

/* Begin PBXSourcesBuildPhase section */
		8DC9A9C72A7823AD00B7BD89 /* Sources */ = {
			isa = PBXSourcesBuildPhase;
			buildActionMask = 2147483647;
			files = (
				8D3E2E642A7B0699005CC0BA /* MKCoordinateRegion+Extensions.swift in Sources */,
				8DBD799A2A7AD59800BCFF06 /* LocationManager.swift in Sources */,
				8DC9A9D12A7823AE00B7BD89 /* ContentView.swift in Sources */,
				8DBD799D2A7AD5D700BCFF06 /* CLLocationCoordinate2D+Extensions.swift in Sources */,
				8D08121E2A78A08200A57A4C /* FooView.swift in Sources */,
				8DC9A9CF2A7823AE00B7BD89 /* Hello_MapsApp.swift in Sources */,
				8DBD79A02A7AD62100BCFF06 /* MapOptions.swift in Sources */,
			);
			runOnlyForDeploymentPostprocessing = 0;
		};
/* End PBXSourcesBuildPhase section */

/* Begin XCBuildConfiguration section */
		8DC9A9D72A7823AF00B7BD89 /* Debug */ = {
			isa = XCBuildConfiguration;
			buildSettings = {
				ALWAYS_SEARCH_USER_PATHS = NO;
				ASSETCATALOG_COMPILER_GENERATE_SWIFT_ASSET_SYMBOL_EXTENSIONS = YES;
				CLANG_ANALYZER_NONNULL = YES;
				CLANG_ANALYZER_NUMBER_OBJECT_CONVERSION = YES_AGGRESSIVE;
				CLANG_CXX_LANGUAGE_STANDARD = "gnu++20";
				CLANG_ENABLE_MODULES = YES;
				CLANG_ENABLE_OBJC_ARC = YES;
				CLANG_ENABLE_OBJC_WEAK = YES;
				CLANG_WARN_BLOCK_CAPTURE_AUTORELEASING = YES;
				CLANG_WARN_BOOL_CONVERSION = YES;
				CLANG_WARN_COMMA = YES;
				CLANG_WARN_CONSTANT_CONVERSION = YES;
				CLANG_WARN_DEPRECATED_OBJC_IMPLEMENTATIONS = YES;
				CLANG_WARN_DIRECT_OBJC_ISA_USAGE = YES_ERROR;
				CLANG_WARN_DOCUMENTATION_COMMENTS = YES;
				CLANG_WARN_EMPTY_BODY = YES;
				CLANG_WARN_ENUM_CONVERSION = YES;
				CLANG_WARN_INFINITE_RECURSION = YES;
				CLANG_WARN_INT_CONVERSION = YES;
				CLANG_WARN_NON_LITERAL_NULL_CONVERSION = YES;
				CLANG_WARN_OBJC_IMPLICIT_RETAIN_SELF = YES;
				CLANG_WARN_OBJC_LITERAL_CONVERSION = YES;
				CLANG_WARN_OBJC_ROOT_CLASS = YES_ERROR;
				CLANG_WARN_QUOTED_INCLUDE_IN_FRAMEWORK_HEADER = YES;
				CLANG_WARN_RANGE_LOOP_ANALYSIS = YES;
				CLANG_WARN_STRICT_PROTOTYPES = YES;
				CLANG_WARN_SUSPICIOUS_MOVE = YES;
				CLANG_WARN_UNGUARDED_AVAILABILITY = YES_AGGRESSIVE;
				CLANG_WARN_UNREACHABLE_CODE = YES;
				CLANG_WARN__DUPLICATE_METHOD_MATCH = YES;
				COPY_PHASE_STRIP = NO;
				DEBUG_INFORMATION_FORMAT = dwarf;
				ENABLE_STRICT_OBJC_MSGSEND = YES;
				ENABLE_TESTABILITY = YES;
				ENABLE_USER_SCRIPT_SANDBOXING = YES;
				GCC_C_LANGUAGE_STANDARD = gnu17;
				GCC_DYNAMIC_NO_PIC = NO;
				GCC_NO_COMMON_BLOCKS = YES;
				GCC_OPTIMIZATION_LEVEL = 0;
				GCC_PREPROCESSOR_DEFINITIONS = (
					"DEBUG=1",
					"$(inherited)",
				);
				GCC_WARN_64_TO_32_BIT_CONVERSION = YES;
				GCC_WARN_ABOUT_RETURN_TYPE = YES_ERROR;
				GCC_WARN_UNDECLARED_SELECTOR = YES;
				GCC_WARN_UNINITIALIZED_AUTOS = YES_AGGRESSIVE;
				GCC_WARN_UNUSED_FUNCTION = YES;
				GCC_WARN_UNUSED_VARIABLE = YES;
				IPHONEOS_DEPLOYMENT_TARGET = 17.0;
				LOCALIZATION_PREFERS_STRING_CATALOGS = YES;
				MTL_ENABLE_DEBUG_INFO = INCLUDE_SOURCE;
				MTL_FAST_MATH = YES;
				ONLY_ACTIVE_ARCH = YES;
				SDKROOT = iphoneos;
				SWIFT_ACTIVE_COMPILATION_CONDITIONS = "DEBUG $(inherited)";
				SWIFT_OPTIMIZATION_LEVEL = "-Onone";
			};
			name = Debug;
		};
		8DC9A9D82A7823AF00B7BD89 /* Release */ = {
			isa = XCBuildConfiguration;
			buildSettings = {
				ALWAYS_SEARCH_USER_PATHS = NO;
				ASSETCATALOG_COMPILER_GENERATE_SWIFT_ASSET_SYMBOL_EXTENSIONS = YES;
				CLANG_ANALYZER_NONNULL = YES;
				CLANG_ANALYZER_NUMBER_OBJECT_CONVERSION = YES_AGGRESSIVE;
				CLANG_CXX_LANGUAGE_STANDARD = "gnu++20";
				CLANG_ENABLE_MODULES = YES;
				CLANG_ENABLE_OBJC_ARC = YES;
				CLANG_ENABLE_OBJC_WEAK = YES;
				CLANG_WARN_BLOCK_CAPTURE_AUTORELEASING = YES;
				CLANG_WARN_BOOL_CONVERSION = YES;
				CLANG_WARN_COMMA = YES;
				CLANG_WARN_CONSTANT_CONVERSION = YES;
				CLANG_WARN_DEPRECATED_OBJC_IMPLEMENTATIONS = YES;
				CLANG_WARN_DIRECT_OBJC_ISA_USAGE = YES_ERROR;
				CLANG_WARN_DOCUMENTATION_COMMENTS = YES;
				CLANG_WARN_EMPTY_BODY = YES;
				CLANG_WARN_ENUM_CONVERSION = YES;
				CLANG_WARN_INFINITE_RECURSION = YES;
				CLANG_WARN_INT_CONVERSION = YES;
				CLANG_WARN_NON_LITERAL_NULL_CONVERSION = YES;
				CLANG_WARN_OBJC_IMPLICIT_RETAIN_SELF = YES;
				CLANG_WARN_OBJC_LITERAL_CONVERSION = YES;
				CLANG_WARN_OBJC_ROOT_CLASS = YES_ERROR;
				CLANG_WARN_QUOTED_INCLUDE_IN_FRAMEWORK_HEADER = YES;
				CLANG_WARN_RANGE_LOOP_ANALYSIS = YES;
				CLANG_WARN_STRICT_PROTOTYPES = YES;
				CLANG_WARN_SUSPICIOUS_MOVE = YES;
				CLANG_WARN_UNGUARDED_AVAILABILITY = YES_AGGRESSIVE;
				CLANG_WARN_UNREACHABLE_CODE = YES;
				CLANG_WARN__DUPLICATE_METHOD_MATCH = YES;
				COPY_PHASE_STRIP = NO;
				DEBUG_INFORMATION_FORMAT = "dwarf-with-dsym";
				ENABLE_NS_ASSERTIONS = NO;
				ENABLE_STRICT_OBJC_MSGSEND = YES;
				ENABLE_USER_SCRIPT_SANDBOXING = YES;
				GCC_C_LANGUAGE_STANDARD = gnu17;
				GCC_NO_COMMON_BLOCKS = YES;
				GCC_WARN_64_TO_32_BIT_CONVERSION = YES;
				GCC_WARN_ABOUT_RETURN_TYPE = YES_ERROR;
				GCC_WARN_UNDECLARED_SELECTOR = YES;
				GCC_WARN_UNINITIALIZED_AUTOS = YES_AGGRESSIVE;
				GCC_WARN_UNUSED_FUNCTION = YES;
				GCC_WARN_UNUSED_VARIABLE = YES;
				IPHONEOS_DEPLOYMENT_TARGET = 17.0;
				LOCALIZATION_PREFERS_STRING_CATALOGS = YES;
				MTL_ENABLE_DEBUG_INFO = NO;
				MTL_FAST_MATH = YES;
				SDKROOT = iphoneos;
				SWIFT_COMPILATION_MODE = wholemodule;
				VALIDATE_PRODUCT = YES;
			};
			name = Release;
		};
		8DC9A9DA2A7823AF00B7BD89 /* Debug */ = {
			isa = XCBuildConfiguration;
			buildSettings = {
				ASSETCATALOG_COMPILER_APPICON_NAME = AppIcon;
				ASSETCATALOG_COMPILER_GLOBAL_ACCENT_COLOR_NAME = AccentColor;
				CODE_SIGN_STYLE = Automatic;
				CURRENT_PROJECT_VERSION = 1;
				DEVELOPMENT_ASSET_PATHS = "\"Hello-Maps/Preview Content\"";
				DEVELOPMENT_TEAM = B2Q8EGNCQA;
				ENABLE_PREVIEWS = YES;
				GENERATE_INFOPLIST_FILE = YES;
				INFOPLIST_KEY_NSLocationWhenInUseUsageDescription = "NearMe app requires permission. ";
				INFOPLIST_KEY_UIApplicationSceneManifest_Generation = YES;
				INFOPLIST_KEY_UIApplicationSupportsIndirectInputEvents = YES;
				INFOPLIST_KEY_UILaunchScreen_Generation = YES;
				INFOPLIST_KEY_UISupportedInterfaceOrientations_iPad = "UIInterfaceOrientationPortrait UIInterfaceOrientationPortraitUpsideDown UIInterfaceOrientationLandscapeLeft UIInterfaceOrientationLandscapeRight";
				INFOPLIST_KEY_UISupportedInterfaceOrientations_iPhone = "UIInterfaceOrientationPortrait UIInterfaceOrientationLandscapeLeft UIInterfaceOrientationLandscapeRight";
				LD_RUNPATH_SEARCH_PATHS = (
					"$(inherited)",
					"@executable_path/Frameworks",
				);
				MARKETING_VERSION = 1.0;
				PRODUCT_BUNDLE_IDENTIFIER = "com.azamsharp.Hello-Maps";
				PRODUCT_NAME = "$(TARGET_NAME)";
				SWIFT_EMIT_LOC_STRINGS = YES;
				SWIFT_VERSION = 5.0;
				TARGETED_DEVICE_FAMILY = "1,2";
			};
			name = Debug;
		};
		8DC9A9DB2A7823AF00B7BD89 /* Release */ = {
			isa = XCBuildConfiguration;
			buildSettings = {
				ASSETCATALOG_COMPILER_APPICON_NAME = AppIcon;
				ASSETCATALOG_COMPILER_GLOBAL_ACCENT_COLOR_NAME = AccentColor;
				CODE_SIGN_STYLE = Automatic;
				CURRENT_PROJECT_VERSION = 1;
				DEVELOPMENT_ASSET_PATHS = "\"Hello-Maps/Preview Content\"";
				DEVELOPMENT_TEAM = B2Q8EGNCQA;
				ENABLE_PREVIEWS = YES;
				GENERATE_INFOPLIST_FILE = YES;
				INFOPLIST_KEY_NSLocationWhenInUseUsageDescription = "NearMe app requires permission. ";
				INFOPLIST_KEY_UIApplicationSceneManifest_Generation = YES;
				INFOPLIST_KEY_UIApplicationSupportsIndirectInputEvents = YES;
				INFOPLIST_KEY_UILaunchScreen_Generation = YES;
				INFOPLIST_KEY_UISupportedInterfaceOrientations_iPad = "UIInterfaceOrientationPortrait UIInterfaceOrientationPortraitUpsideDown UIInterfaceOrientationLandscapeLeft UIInterfaceOrientationLandscapeRight";
				INFOPLIST_KEY_UISupportedInterfaceOrientations_iPhone = "UIInterfaceOrientationPortrait UIInterfaceOrientationLandscapeLeft UIInterfaceOrientationLandscapeRight";
				LD_RUNPATH_SEARCH_PATHS = (
					"$(inherited)",
					"@executable_path/Frameworks",
				);
				MARKETING_VERSION = 1.0;
				PRODUCT_BUNDLE_IDENTIFIER = "com.azamsharp.Hello-Maps";
				PRODUCT_NAME = "$(TARGET_NAME)";
				SWIFT_EMIT_LOC_STRINGS = YES;
				SWIFT_VERSION = 5.0;
				TARGETED_DEVICE_FAMILY = "1,2";
			};
			name = Release;
		};
/* End XCBuildConfiguration section */

/* Begin XCConfigurationList section */
		8DC9A9C62A7823AD00B7BD89 /* Build configuration list for PBXProject "Hello-Maps" */ = {
			isa = XCConfigurationList;
			buildConfigurations = (
				8DC9A9D72A7823AF00B7BD89 /* Debug */,
				8DC9A9D82A7823AF00B7BD89 /* Release */,
			);
			defaultConfigurationIsVisible = 0;
			defaultConfigurationName = Release;
		};
		8DC9A9D92A7823AF00B7BD89 /* Build configuration list for PBXNativeTarget "Hello-Maps" */ = {
			isa = XCConfigurationList;
			buildConfigurations = (
				8DC9A9DA2A7823AF00B7BD89 /* Debug */,
				8DC9A9DB2A7823AF00B7BD89 /* Release */,
			);
			defaultConfigurationIsVisible = 0;
			defaultConfigurationName = Release;
		};
/* End XCConfigurationList section */
	};
	rootObject = 8DC9A9C32A7823AD00B7BD89 /* Project object */;
}
