// !$*UTF8*$!
{
	archiveVersion = 1;
	classes = {
	};
	objectVersion = 56;
	objects = {

/* Begin PBXBuildFile section */
		6E1D26002C98075500A0EB5D /* RestRoom.swift in Sources */ = {isa = PBXBuildFile; fileRef = 6E1D25FF2C98075500A0EB5D /* RestRoom.swift */; };
		6E1D26032C980B1400A0EB5D /* RestroomClient.swift in Sources */ = {isa = PBXBuildFile; fileRef = 6E1D26022C980B1400A0EB5D /* RestroomClient.swift */; };
		6E1D26062C98235500A0EB5D /* HTTPClientKey.swift in Sources */ = {isa = PBXBuildFile; fileRef = 6E1D26052C98235500A0EB5D /* HTTPClientKey.swift */; };
		6E1D26092C982AAC00A0EB5D /* Constants.swift in Sources */ = {isa = PBXBuildFile; fileRef = 6E1D26082C982AAC00A0EB5D /* Constants.swift */; };
		6E1D260B2C982EDB00A0EB5D /* HTTPClient.swift in Sources */ = {isa = PBXBuildFile; fileRef = 6E1D260A2C982EDB00A0EB5D /* HTTPClient.swift */; };
		6E1D260D2C982F9300A0EB5D /* MockRestroomClient.swift in Sources */ = {isa = PBXBuildFile; fileRef = 6E1D260C2C982F9300A0EB5D /* MockRestroomClient.swift */; };
		6E1D26102C98305400A0EB5D /* PreviewData.swift in Sources */ = {isa = PBXBuildFile; fileRef = 6E1D260F2C98305400A0EB5D /* PreviewData.swift */; };
		6E1D26122C98359000A0EB5D /* restrooms.json in Resources */ = {isa = PBXBuildFile; fileRef = 6E1D26112C98359000A0EB5D /* restrooms.json */; };
		6E1D26142C98707A00A0EB5D /* Extensions+MapCameraPosition.swift in Sources */ = {isa = PBXBuildFile; fileRef = 6E1D26132C98707A00A0EB5D /* Extensions+MapCameraPosition.swift */; };
		6E1D26162C9877FD00A0EB5D /* RestroomDetailView.swift in Sources */ = {isa = PBXBuildFile; fileRef = 6E1D26152C9877FD00A0EB5D /* RestroomDetailView.swift */; };
		8DC979F62A98DCA500E08C44 /* RestroomFinderApp.swift in Sources */ = {isa = PBXBuildFile; fileRef = 8DC979F52A98DCA500E08C44 /* RestroomFinderApp.swift */; };
		8DC979F82A98DCA500E08C44 /* ContentView.swift in Sources */ = {isa = PBXBuildFile; fileRef = 8DC979F72A98DCA500E08C44 /* ContentView.swift */; };
		8DC979FA2A98DCA700E08C44 /* Assets.xcassets in Resources */ = {isa = PBXBuildFile; fileRef = 8DC979F92A98DCA700E08C44 /* Assets.xcassets */; };
		8DC979FD2A98DCA700E08C44 /* Preview Assets.xcassets in Resources */ = {isa = PBXBuildFile; fileRef = 8DC979FC2A98DCA700E08C44 /* Preview Assets.xcassets */; };
		8DC97A062A98DCF100E08C44 /* MKCoordinateRegion+Extensions.swift in Sources */ = {isa = PBXBuildFile; fileRef = 8DC97A052A98DCF100E08C44 /* MKCoordinateRegion+Extensions.swift */; };
		8DC97A0B2A98DD2400E08C44 /* LocationManager.swift in Sources */ = {isa = PBXBuildFile; fileRef = 8DC97A0A2A98DD2400E08C44 /* LocationManager.swift */; };
		8DC97A112A98DD6700E08C44 /* ActionButtons.swift in Sources */ = {isa = PBXBuildFile; fileRef = 8DC97A102A98DD6700E08C44 /* ActionButtons.swift */; };
/* End PBXBuildFile section */

/* Begin PBXFileReference section */
		6E1D25FF2C98075500A0EB5D /* RestRoom.swift */ = {isa = PBXFileReference; lastKnownFileType = sourcecode.swift; path = RestRoom.swift; sourceTree = "<group>"; };
		6E1D26022C980B1400A0EB5D /* RestroomClient.swift */ = {isa = PBXFileReference; lastKnownFileType = sourcecode.swift; path = RestroomClient.swift; sourceTree = "<group>"; };
		6E1D26052C98235500A0EB5D /* HTTPClientKey.swift */ = {isa = PBXFileReference; lastKnownFileType = sourcecode.swift; path = HTTPClientKey.swift; sourceTree = "<group>"; };
		6E1D26082C982AAC00A0EB5D /* Constants.swift */ = {isa = PBXFileReference; lastKnownFileType = sourcecode.swift; path = Constants.swift; sourceTree = "<group>"; };
		6E1D260A2C982EDB00A0EB5D /* HTTPClient.swift */ = {isa = PBXFileReference; lastKnownFileType = sourcecode.swift; path = HTTPClient.swift; sourceTree = "<group>"; };
		6E1D260C2C982F9300A0EB5D /* MockRestroomClient.swift */ = {isa = PBXFileReference; lastKnownFileType = sourcecode.swift; path = MockRestroomClient.swift; sourceTree = "<group>"; };
		6E1D260F2C98305400A0EB5D /* PreviewData.swift */ = {isa = PBXFileReference; lastKnownFileType = sourcecode.swift; path = PreviewData.swift; sourceTree = "<group>"; };
		6E1D26112C98359000A0EB5D /* restrooms.json */ = {isa = PBXFileReference; lastKnownFileType = text.json; path = restrooms.json; sourceTree = "<group>"; };
		6E1D26132C98707A00A0EB5D /* Extensions+MapCameraPosition.swift */ = {isa = PBXFileReference; lastKnownFileType = sourcecode.swift; path = "Extensions+MapCameraPosition.swift"; sourceTree = "<group>"; };
		6E1D26152C9877FD00A0EB5D /* RestroomDetailView.swift */ = {isa = PBXFileReference; lastKnownFileType = sourcecode.swift; path = RestroomDetailView.swift; sourceTree = "<group>"; };
		8DC979F22A98DCA500E08C44 /* RestroomFinder.app */ = {isa = PBXFileReference; explicitFileType = wrapper.application; includeInIndex = 0; path = RestroomFinder.app; sourceTree = BUILT_PRODUCTS_DIR; };
		8DC979F52A98DCA500E08C44 /* RestroomFinderApp.swift */ = {isa = PBXFileReference; lastKnownFileType = sourcecode.swift; path = RestroomFinderApp.swift; sourceTree = "<group>"; };
		8DC979F72A98DCA500E08C44 /* ContentView.swift */ = {isa = PBXFileReference; lastKnownFileType = sourcecode.swift; path = ContentView.swift; sourceTree = "<group>"; };
		8DC979F92A98DCA700E08C44 /* Assets.xcassets */ = {isa = PBXFileReference; lastKnownFileType = folder.assetcatalog; path = Assets.xcassets; sourceTree = "<group>"; };
		8DC979FC2A98DCA700E08C44 /* Preview Assets.xcassets */ = {isa = PBXFileReference; lastKnownFileType = folder.assetcatalog; path = "Preview Assets.xcassets"; sourceTree = "<group>"; };
		8DC97A052A98DCF100E08C44 /* MKCoordinateRegion+Extensions.swift */ = {isa = PBXFileReference; lastKnownFileType = sourcecode.swift; path = "MKCoordinateRegion+Extensions.swift"; sourceTree = "<group>"; };
		8DC97A0A2A98DD2400E08C44 /* LocationManager.swift */ = {isa = PBXFileReference; lastKnownFileType = sourcecode.swift; path = LocationManager.swift; sourceTree = "<group>"; };
		8DC97A102A98DD6700E08C44 /* ActionButtons.swift */ = {isa = PBXFileReference; lastKnownFileType = sourcecode.swift; path = ActionButtons.swift; sourceTree = "<group>"; };
/* End PBXFileReference section */

/* Begin PBXFrameworksBuildPhase section */
		8DC979EF2A98DCA500E08C44 /* Frameworks */ = {
			isa = PBXFrameworksBuildPhase;
			buildActionMask = 2147483647;
			files = (
			);
			runOnlyForDeploymentPostprocessing = 0;
		};
/* End PBXFrameworksBuildPhase section */

/* Begin PBXGroup section */
		6E1D25FE2C98073900A0EB5D /* Models */ = {
			isa = PBXGroup;
			children = (
				6E1D25FF2C98075500A0EB5D /* RestRoom.swift */,
			);
			path = Models;
			sourceTree = "<group>";
		};
		6E1D26012C980AF700A0EB5D /* Clients */ = {
			isa = PBXGroup;
			children = (
				6E1D26022C980B1400A0EB5D /* RestroomClient.swift */,
				6E1D260A2C982EDB00A0EB5D /* HTTPClient.swift */,
			);
			path = Clients;
			sourceTree = "<group>";
		};
		6E1D26042C98233500A0EB5D /* Enviroment Values */ = {
			isa = PBXGroup;
			children = (
				6E1D26052C98235500A0EB5D /* HTTPClientKey.swift */,
			);
			path = "Enviroment Values";
			sourceTree = "<group>";
		};
		6E1D26072C982A9300A0EB5D /* Utilities */ = {
			isa = PBXGroup;
			children = (
				6E1D26082C982AAC00A0EB5D /* Constants.swift */,
			);
			path = Utilities;
			sourceTree = "<group>";
		};
		8DC979E92A98DCA500E08C44 = {
			isa = PBXGroup;
			children = (
				8DC979F42A98DCA500E08C44 /* RestroomFinder */,
				8DC979F32A98DCA500E08C44 /* Products */,
			);
			sourceTree = "<group>";
		};
		8DC979F32A98DCA500E08C44 /* Products */ = {
			isa = PBXGroup;
			children = (
				8DC979F22A98DCA500E08C44 /* RestroomFinder.app */,
			);
			name = Products;
			sourceTree = "<group>";
		};
		8DC979F42A98DCA500E08C44 /* RestroomFinder */ = {
			isa = PBXGroup;
			children = (
				6E1D26072C982A9300A0EB5D /* Utilities */,
				6E1D26042C98233500A0EB5D /* Enviroment Values */,
				6E1D26012C980AF700A0EB5D /* Clients */,
				6E1D25FE2C98073900A0EB5D /* Models */,
				8DC97A0F2A98DD4F00E08C44 /* Views */,
				8DC97A092A98DD1100E08C44 /* Managers */,
				8DC97A042A98DCD900E08C44 /* Extensions */,
				8DC979F52A98DCA500E08C44 /* RestroomFinderApp.swift */,
				8DC979F72A98DCA500E08C44 /* ContentView.swift */,
				8DC979F92A98DCA700E08C44 /* Assets.xcassets */,
				8DC979FB2A98DCA700E08C44 /* Preview Content */,
			);
			path = RestroomFinder;
			sourceTree = "<group>";
		};
		8DC979FB2A98DCA700E08C44 /* Preview Content */ = {
			isa = PBXGroup;
			children = (
				8DC979FC2A98DCA700E08C44 /* Preview Assets.xcassets */,
				6E1D260C2C982F9300A0EB5D /* MockRestroomClient.swift */,
				6E1D260F2C98305400A0EB5D /* PreviewData.swift */,
				6E1D26112C98359000A0EB5D /* restrooms.json */,
			);
			path = "Preview Content";
			sourceTree = "<group>";
		};
		8DC97A042A98DCD900E08C44 /* Extensions */ = {
			isa = PBXGroup;
			children = (
				8DC97A052A98DCF100E08C44 /* MKCoordinateRegion+Extensions.swift */,
				6E1D26132C98707A00A0EB5D /* Extensions+MapCameraPosition.swift */,
			);
			path = Extensions;
			sourceTree = "<group>";
		};
		8DC97A092A98DD1100E08C44 /* Managers */ = {
			isa = PBXGroup;
			children = (
				8DC97A0A2A98DD2400E08C44 /* LocationManager.swift */,
			);
			path = Managers;
			sourceTree = "<group>";
		};
		8DC97A0F2A98DD4F00E08C44 /* Views */ = {
			isa = PBXGroup;
			children = (
				8DC97A102A98DD6700E08C44 /* ActionButtons.swift */,
				6E1D26152C9877FD00A0EB5D /* RestroomDetailView.swift */,
			);
			path = Views;
			sourceTree = "<group>";
		};
/* End PBXGroup section */

/* Begin PBXNativeTarget section */
		8DC979F12A98DCA500E08C44 /* RestroomFinder */ = {
			isa = PBXNativeTarget;
			buildConfigurationList = 8DC97A002A98DCA700E08C44 /* Build configuration list for PBXNativeTarget "RestroomFinder" */;
			buildPhases = (
				8DC979EE2A98DCA500E08C44 /* Sources */,
				8DC979EF2A98DCA500E08C44 /* Frameworks */,
				8DC979F02A98DCA500E08C44 /* Resources */,
			);
			buildRules = (
			);
			dependencies = (
			);
			name = RestroomFinder;
			productName = RestroomFinder;
			productReference = 8DC979F22A98DCA500E08C44 /* RestroomFinder.app */;
			productType = "com.apple.product-type.application";
		};
/* End PBXNativeTarget section */

/* Begin PBXProject section */
		8DC979EA2A98DCA500E08C44 /* Project object */ = {
			isa = PBXProject;
			attributes = {
				BuildIndependentTargetsInParallel = 1;
				LastSwiftUpdateCheck = 1500;
				LastUpgradeCheck = 1500;
				TargetAttributes = {
					8DC979F12A98DCA500E08C44 = {
						CreatedOnToolsVersion = 15.0;
					};
				};
			};
			buildConfigurationList = 8DC979ED2A98DCA500E08C44 /* Build configuration list for PBXProject "RestroomFinder" */;
			compatibilityVersion = "Xcode 14.0";
			developmentRegion = en;
			hasScannedForEncodings = 0;
			knownRegions = (
				en,
				Base,
			);
			mainGroup = 8DC979E92A98DCA500E08C44;
			productRefGroup = 8DC979F32A98DCA500E08C44 /* Products */;
			projectDirPath = "";
			projectRoot = "";
			targets = (
				8DC979F12A98DCA500E08C44 /* RestroomFinder */,
			);
		};
/* End PBXProject section */

/* Begin PBXResourcesBuildPhase section */
		8DC979F02A98DCA500E08C44 /* Resources */ = {
			isa = PBXResourcesBuildPhase;
			buildActionMask = 2147483647;
			files = (
				8DC979FD2A98DCA700E08C44 /* Preview Assets.xcassets in Resources */,
				8DC979FA2A98DCA700E08C44 /* Assets.xcassets in Resources */,
				6E1D26122C98359000A0EB5D /* restrooms.json in Resources */,
			);
			runOnlyForDeploymentPostprocessing = 0;
		};
/* End PBXResourcesBuildPhase section */

/* Begin PBXSourcesBuildPhase section */
		8DC979EE2A98DCA500E08C44 /* Sources */ = {
			isa = PBXSourcesBuildPhase;
			buildActionMask = 2147483647;
			files = (
				6E1D26002C98075500A0EB5D /* RestRoom.swift in Sources */,
				8DC97A112A98DD6700E08C44 /* ActionButtons.swift in Sources */,
				8DC979F82A98DCA500E08C44 /* ContentView.swift in Sources */,
				8DC97A0B2A98DD2400E08C44 /* LocationManager.swift in Sources */,
				8DC97A062A98DCF100E08C44 /* MKCoordinateRegion+Extensions.swift in Sources */,
				8DC979F62A98DCA500E08C44 /* RestroomFinderApp.swift in Sources */,
				6E1D260B2C982EDB00A0EB5D /* HTTPClient.swift in Sources */,
				6E1D26062C98235500A0EB5D /* HTTPClientKey.swift in Sources */,
				6E1D26142C98707A00A0EB5D /* Extensions+MapCameraPosition.swift in Sources */,
				6E1D26102C98305400A0EB5D /* PreviewData.swift in Sources */,
				6E1D260D2C982F9300A0EB5D /* MockRestroomClient.swift in Sources */,
				6E1D26032C980B1400A0EB5D /* RestroomClient.swift in Sources */,
				6E1D26162C9877FD00A0EB5D /* RestroomDetailView.swift in Sources */,
				6E1D26092C982AAC00A0EB5D /* Constants.swift in Sources */,
			);
			runOnlyForDeploymentPostprocessing = 0;
		};
/* End PBXSourcesBuildPhase section */

/* Begin XCBuildConfiguration section */
		8DC979FE2A98DCA700E08C44 /* Debug */ = {
			isa = XCBuildConfiguration;
			buildSettings = {
				ALWAYS_SEARCH_USER_PATHS = NO;
				ASSETCATALOG_COMPILER_GENERATE_SWIFT_ASSET_SYMBOL_EXTENSIONS = YES;
				CLANG_ANALYZER_NONNULL = YES;
				CLANG_ANALYZER_NUMBER_OBJECT_CONVERSION = YES_AGGRESSIVE;
				CLANG_CXX_LANGUAGE_STANDARD = "gnu++20";
				CLANG_ENABLE_MODULES = YES;
				CLANG_ENABLE_OBJC_ARC = YES;
				CLANG_ENABLE_OBJC_WEAK = YES;
				CLANG_WARN_BLOCK_CAPTURE_AUTORELEASING = YES;
				CLANG_WARN_BOOL_CONVERSION = YES;
				CLANG_WARN_COMMA = YES;
				CLANG_WARN_CONSTANT_CONVERSION = YES;
				CLANG_WARN_DEPRECATED_OBJC_IMPLEMENTATIONS = YES;
				CLANG_WARN_DIRECT_OBJC_ISA_USAGE = YES_ERROR;
				CLANG_WARN_DOCUMENTATION_COMMENTS = YES;
				CLANG_WARN_EMPTY_BODY = YES;
				CLANG_WARN_ENUM_CONVERSION = YES;
				CLANG_WARN_INFINITE_RECURSION = YES;
				CLANG_WARN_INT_CONVERSION = YES;
				CLANG_WARN_NON_LITERAL_NULL_CONVERSION = YES;
				CLANG_WARN_OBJC_IMPLICIT_RETAIN_SELF = YES;
				CLANG_WARN_OBJC_LITERAL_CONVERSION = YES;
				CLANG_WARN_OBJC_ROOT_CLASS = YES_ERROR;
				CLANG_WARN_QUOTED_INCLUDE_IN_FRAMEWORK_HEADER = YES;
				CLANG_WARN_RANGE_LOOP_ANALYSIS = YES;
				CLANG_WARN_STRICT_PROTOTYPES = YES;
				CLANG_WARN_SUSPICIOUS_MOVE = YES;
				CLANG_WARN_UNGUARDED_AVAILABILITY = YES_AGGRESSIVE;
				CLANG_WARN_UNREACHABLE_CODE = YES;
				CLANG_WARN__DUPLICATE_METHOD_MATCH = YES;
				COPY_PHASE_STRIP = NO;
				DEBUG_INFORMATION_FORMAT = dwarf;
				ENABLE_STRICT_OBJC_MSGSEND = YES;
				ENABLE_TESTABILITY = YES;
				ENABLE_USER_SCRIPT_SANDBOXING = YES;
				GCC_C_LANGUAGE_STANDARD = gnu17;
				GCC_DYNAMIC_NO_PIC = NO;
				GCC_NO_COMMON_BLOCKS = YES;
				GCC_OPTIMIZATION_LEVEL = 0;
				GCC_PREPROCESSOR_DEFINITIONS = (
					"DEBUG=1",
					"$(inherited)",
				);
				GCC_WARN_64_TO_32_BIT_CONVERSION = YES;
				GCC_WARN_ABOUT_RETURN_TYPE = YES_ERROR;
				GCC_WARN_UNDECLARED_SELECTOR = YES;
				GCC_WARN_UNINITIALIZED_AUTOS = YES_AGGRESSIVE;
				GCC_WARN_UNUSED_FUNCTION = YES;
				GCC_WARN_UNUSED_VARIABLE = YES;
				IPHONEOS_DEPLOYMENT_TARGET = 17.0;
				LOCALIZATION_PREFERS_STRING_CATALOGS = YES;
				MTL_ENABLE_DEBUG_INFO = INCLUDE_SOURCE;
				MTL_FAST_MATH = YES;
				ONLY_ACTIVE_ARCH = YES;
				SDKROOT = iphoneos;
				SWIFT_ACTIVE_COMPILATION_CONDITIONS = "DEBUG $(inherited)";
				SWIFT_OPTIMIZATION_LEVEL = "-Onone";
			};
			name = Debug;
		};
		8DC979FF2A98DCA700E08C44 /* Release */ = {
			isa = XCBuildConfiguration;
			buildSettings = {
				ALWAYS_SEARCH_USER_PATHS = NO;
				ASSETCATALOG_COMPILER_GENERATE_SWIFT_ASSET_SYMBOL_EXTENSIONS = YES;
				CLANG_ANALYZER_NONNULL = YES;
				CLANG_ANALYZER_NUMBER_OBJECT_CONVERSION = YES_AGGRESSIVE;
				CLANG_CXX_LANGUAGE_STANDARD = "gnu++20";
				CLANG_ENABLE_MODULES = YES;
				CLANG_ENABLE_OBJC_ARC = YES;
				CLANG_ENABLE_OBJC_WEAK = YES;
				CLANG_WARN_BLOCK_CAPTURE_AUTORELEASING = YES;
				CLANG_WARN_BOOL_CONVERSION = YES;
				CLANG_WARN_COMMA = YES;
				CLANG_WARN_CONSTANT_CONVERSION = YES;
				CLANG_WARN_DEPRECATED_OBJC_IMPLEMENTATIONS = YES;
				CLANG_WARN_DIRECT_OBJC_ISA_USAGE = YES_ERROR;
				CLANG_WARN_DOCUMENTATION_COMMENTS = YES;
				CLANG_WARN_EMPTY_BODY = YES;
				CLANG_WARN_ENUM_CONVERSION = YES;
				CLANG_WARN_INFINITE_RECURSION = YES;
				CLANG_WARN_INT_CONVERSION = YES;
				CLANG_WARN_NON_LITERAL_NULL_CONVERSION = YES;
				CLANG_WARN_OBJC_IMPLICIT_RETAIN_SELF = YES;
				CLANG_WARN_OBJC_LITERAL_CONVERSION = YES;
				CLANG_WARN_OBJC_ROOT_CLASS = YES_ERROR;
				CLANG_WARN_QUOTED_INCLUDE_IN_FRAMEWORK_HEADER = YES;
				CLANG_WARN_RANGE_LOOP_ANALYSIS = YES;
				CLANG_WARN_STRICT_PROTOTYPES = YES;
				CLANG_WARN_SUSPICIOUS_MOVE = YES;
				CLANG_WARN_UNGUARDED_AVAILABILITY = YES_AGGRESSIVE;
				CLANG_WARN_UNREACHABLE_CODE = YES;
				CLANG_WARN__DUPLICATE_METHOD_MATCH = YES;
				COPY_PHASE_STRIP = NO;
				DEBUG_INFORMATION_FORMAT = "dwarf-with-dsym";
				ENABLE_NS_ASSERTIONS = NO;
				ENABLE_STRICT_OBJC_MSGSEND = YES;
				ENABLE_USER_SCRIPT_SANDBOXING = YES;
				GCC_C_LANGUAGE_STANDARD = gnu17;
				GCC_NO_COMMON_BLOCKS = YES;
				GCC_WARN_64_TO_32_BIT_CONVERSION = YES;
				GCC_WARN_ABOUT_RETURN_TYPE = YES_ERROR;
				GCC_WARN_UNDECLARED_SELECTOR = YES;
				GCC_WARN_UNINITIALIZED_AUTOS = YES_AGGRESSIVE;
				GCC_WARN_UNUSED_FUNCTION = YES;
				GCC_WARN_UNUSED_VARIABLE = YES;
				IPHONEOS_DEPLOYMENT_TARGET = 17.0;
				LOCALIZATION_PREFERS_STRING_CATALOGS = YES;
				MTL_ENABLE_DEBUG_INFO = NO;
				MTL_FAST_MATH = YES;
				SDKROOT = iphoneos;
				SWIFT_COMPILATION_MODE = wholemodule;
				VALIDATE_PRODUCT = YES;
			};
			name = Release;
		};
		8DC97A012A98DCA700E08C44 /* Debug */ = {
			isa = XCBuildConfiguration;
			buildSettings = {
				ASSETCATALOG_COMPILER_APPICON_NAME = AppIcon;
				ASSETCATALOG_COMPILER_GLOBAL_ACCENT_COLOR_NAME = AccentColor;
				CODE_SIGN_STYLE = Automatic;
				CURRENT_PROJECT_VERSION = 1;
				DEVELOPMENT_ASSET_PATHS = "\"RestroomFinder/Preview Content\"";
				DEVELOPMENT_TEAM = B2Q8EGNCQA;
				ENABLE_PREVIEWS = YES;
				GENERATE_INFOPLIST_FILE = YES;
				INFOPLIST_KEY_NSLocationWhenInUseUsageDescription = "RestroomFinder needs your location. ";
				INFOPLIST_KEY_UIApplicationSceneManifest_Generation = YES;
				INFOPLIST_KEY_UIApplicationSupportsIndirectInputEvents = YES;
				INFOPLIST_KEY_UILaunchScreen_Generation = YES;
				INFOPLIST_KEY_UISupportedInterfaceOrientations_iPad = "UIInterfaceOrientationPortrait UIInterfaceOrientationPortraitUpsideDown UIInterfaceOrientationLandscapeLeft UIInterfaceOrientationLandscapeRight";
				INFOPLIST_KEY_UISupportedInterfaceOrientations_iPhone = "UIInterfaceOrientationPortrait UIInterfaceOrientationLandscapeLeft UIInterfaceOrientationLandscapeRight";
				LD_RUNPATH_SEARCH_PATHS = (
					"$(inherited)",
					"@executable_path/Frameworks",
				);
				MARKETING_VERSION = 1.0;
				PRODUCT_BUNDLE_IDENTIFIER = com.azamsharp.RestroomFinder;
				PRODUCT_NAME = "$(TARGET_NAME)";
				SWIFT_EMIT_LOC_STRINGS = YES;
				SWIFT_VERSION = 5.0;
				TARGETED_DEVICE_FAMILY = "1,2";
			};
			name = Debug;
		};
		8DC97A022A98DCA700E08C44 /* Release */ = {
			isa = XCBuildConfiguration;
			buildSettings = {
				ASSETCATALOG_COMPILER_APPICON_NAME = AppIcon;
				ASSETCATALOG_COMPILER_GLOBAL_ACCENT_COLOR_NAME = AccentColor;
				CODE_SIGN_STYLE = Automatic;
				CURRENT_PROJECT_VERSION = 1;
				DEVELOPMENT_ASSET_PATHS = "\"RestroomFinder/Preview Content\"";
				DEVELOPMENT_TEAM = B2Q8EGNCQA;
				ENABLE_PREVIEWS = YES;
				GENERATE_INFOPLIST_FILE = YES;
				INFOPLIST_KEY_NSLocationWhenInUseUsageDescription = "RestroomFinder needs your location. ";
				INFOPLIST_KEY_UIApplicationSceneManifest_Generation = YES;
				INFOPLIST_KEY_UIApplicationSupportsIndirectInputEvents = YES;
				INFOPLIST_KEY_UILaunchScreen_Generation = YES;
				INFOPLIST_KEY_UISupportedInterfaceOrientations_iPad = "UIInterfaceOrientationPortrait UIInterfaceOrientationPortraitUpsideDown UIInterfaceOrientationLandscapeLeft UIInterfaceOrientationLandscapeRight";
				INFOPLIST_KEY_UISupportedInterfaceOrientations_iPhone = "UIInterfaceOrientationPortrait UIInterfaceOrientationLandscapeLeft UIInterfaceOrientationLandscapeRight";
				LD_RUNPATH_SEARCH_PATHS = (
					"$(inherited)",
					"@executable_path/Frameworks",
				);
				MARKETING_VERSION = 1.0;
				PRODUCT_BUNDLE_IDENTIFIER = com.azamsharp.RestroomFinder;
				PRODUCT_NAME = "$(TARGET_NAME)";
				SWIFT_EMIT_LOC_STRINGS = YES;
				SWIFT_VERSION = 5.0;
				TARGETED_DEVICE_FAMILY = "1,2";
			};
			name = Release;
		};
/* End XCBuildConfiguration section */

/* Begin XCConfigurationList section */
		8DC979ED2A98DCA500E08C44 /* Build configuration list for PBXProject "RestroomFinder" */ = {
			isa = XCConfigurationList;
			buildConfigurations = (
				8DC979FE2A98DCA700E08C44 /* Debug */,
				8DC979FF2A98DCA700E08C44 /* Release */,
			);
			defaultConfigurationIsVisible = 0;
			defaultConfigurationName = Release;
		};
		8DC97A002A98DCA700E08C44 /* Build configuration list for PBXNativeTarget "RestroomFinder" */ = {
			isa = XCConfigurationList;
			buildConfigurations = (
				8DC97A012A98DCA700E08C44 /* Debug */,
				8DC97A022A98DCA700E08C44 /* Release */,
			);
			defaultConfigurationIsVisible = 0;
			defaultConfigurationName = Release;
		};
/* End XCConfigurationList section */
	};
	rootObject = 8DC979EA2A98DCA500E08C44 /* Project object */;
}
