// !$*UTF8*$!
{
	archiveVersion = 1;
	classes = {
	};
	objectVersion = 56;
	objects = {

/* Begin PBXBuildFile section */
		6E2A29162C85B63A00571D27 /* MoviesApp.swift in Sources */ = {isa = PBXBuildFile; fileRef = 6E2A29152C85B63A00571D27 /* MoviesApp.swift */; };
		6E2A29182C85B63A00571D27 /* ContentView.swift in Sources */ = {isa = PBXBuildFile; fileRef = 6E2A29172C85B63A00571D27 /* ContentView.swift */; };
		6E2A291A2C85B63C00571D27 /* Assets.xcassets in Resources */ = {isa = PBXBuildFile; fileRef = 6E2A29192C85B63C00571D27 /* Assets.xcassets */; };
		6E2A291D2C85B63C00571D27 /* Preview Assets.xcassets in Resources */ = {isa = PBXBuildFile; fileRef = 6E2A291C2C85B63C00571D27 /* Preview Assets.xcassets */; };
		6E2A29252C85F4D100571D27 /* Movie.swift in Sources */ = {isa = PBXBuildFile; fileRef = 6E2A29242C85F4D100571D27 /* Movie.swift */; };
		6E2A29282C85F5D700571D27 /* AddMovieScreen.swift in Sources */ = {isa = PBXBuildFile; fileRef = 6E2A29272C85F5D700571D27 /* AddMovieScreen.swift */; };
		6E2A292B2C85F68900571D27 /* String+Extensions.swift in Sources */ = {isa = PBXBuildFile; fileRef = 6E2A292A2C85F68900571D27 /* String+Extensions.swift */; };
		6E2A292D2C85FB1000571D27 /* MovieListScreen.swift in Sources */ = {isa = PBXBuildFile; fileRef = 6E2A292C2C85FB1000571D27 /* MovieListScreen.swift */; };
		6E2A29302C86BE6500571D27 /* MovieListView.swift in Sources */ = {isa = PBXBuildFile; fileRef = 6E2A292F2C86BE6500571D27 /* MovieListView.swift */; };
		6E2A29322C86C0CF00571D27 /* MovieDetailScreen.swift in Sources */ = {isa = PBXBuildFile; fileRef = 6E2A29312C86C0CF00571D27 /* MovieDetailScreen.swift */; };
		6E2A29342C86DA4E00571D27 /* Review.swift in Sources */ = {isa = PBXBuildFile; fileRef = 6E2A29332C86DA4E00571D27 /* Review.swift */; };
		6E2A29362C8707F100571D27 /* AddReviewScreen.swift in Sources */ = {isa = PBXBuildFile; fileRef = 6E2A29352C8707F100571D27 /* AddReviewScreen.swift */; };
		6E2A29382C87575300571D27 /* ReviewListView.swift in Sources */ = {isa = PBXBuildFile; fileRef = 6E2A29372C87575300571D27 /* ReviewListView.swift */; };
		6E2A293A2C882F0300571D27 /* Actor.swift in Sources */ = {isa = PBXBuildFile; fileRef = 6E2A29392C882F0300571D27 /* Actor.swift */; };
		6E2A293C2C889FFC00571D27 /* ActorListView.swift in Sources */ = {isa = PBXBuildFile; fileRef = 6E2A293B2C889FFC00571D27 /* ActorListView.swift */; };
		6E2A293E2C8954C600571D27 /* ActorSelectionView.swift in Sources */ = {isa = PBXBuildFile; fileRef = 6E2A293D2C8954C600571D27 /* ActorSelectionView.swift */; };
		6E2A29402C89F9BE00571D27 /* ActorCellView.swift in Sources */ = {isa = PBXBuildFile; fileRef = 6E2A293F2C89F9BE00571D27 /* ActorCellView.swift */; };
		6E2A29422C8A02F600571D27 /* ActorDetailScreen.swift in Sources */ = {isa = PBXBuildFile; fileRef = 6E2A29412C8A02F600571D27 /* ActorDetailScreen.swift */; };
		6E2A29442C8A043E00571D27 /* MovieSelectionView.swift in Sources */ = {isa = PBXBuildFile; fileRef = 6E2A29432C8A043E00571D27 /* MovieSelectionView.swift */; };
/* End PBXBuildFile section */

/* Begin PBXFileReference section */
		6E2A29122C85B63A00571D27 /* Movies.app */ = {isa = PBXFileReference; explicitFileType = wrapper.application; includeInIndex = 0; path = Movies.app; sourceTree = BUILT_PRODUCTS_DIR; };
		6E2A29152C85B63A00571D27 /* MoviesApp.swift */ = {isa = PBXFileReference; lastKnownFileType = sourcecode.swift; path = MoviesApp.swift; sourceTree = "<group>"; };
		6E2A29172C85B63A00571D27 /* ContentView.swift */ = {isa = PBXFileReference; lastKnownFileType = sourcecode.swift; path = ContentView.swift; sourceTree = "<group>"; };
		6E2A29192C85B63C00571D27 /* Assets.xcassets */ = {isa = PBXFileReference; lastKnownFileType = folder.assetcatalog; path = Assets.xcassets; sourceTree = "<group>"; };
		6E2A291C2C85B63C00571D27 /* Preview Assets.xcassets */ = {isa = PBXFileReference; lastKnownFileType = folder.assetcatalog; path = "Preview Assets.xcassets"; sourceTree = "<group>"; };
		6E2A29242C85F4D100571D27 /* Movie.swift */ = {isa = PBXFileReference; lastKnownFileType = sourcecode.swift; path = Movie.swift; sourceTree = "<group>"; };
		6E2A29272C85F5D700571D27 /* AddMovieScreen.swift */ = {isa = PBXFileReference; lastKnownFileType = sourcecode.swift; path = AddMovieScreen.swift; sourceTree = "<group>"; };
		6E2A292A2C85F68900571D27 /* String+Extensions.swift */ = {isa = PBXFileReference; lastKnownFileType = sourcecode.swift; path = "String+Extensions.swift"; sourceTree = "<group>"; };
		6E2A292C2C85FB1000571D27 /* MovieListScreen.swift */ = {isa = PBXFileReference; lastKnownFileType = sourcecode.swift; path = MovieListScreen.swift; sourceTree = "<group>"; };
		6E2A292F2C86BE6500571D27 /* MovieListView.swift */ = {isa = PBXFileReference; lastKnownFileType = sourcecode.swift; path = MovieListView.swift; sourceTree = "<group>"; };
		6E2A29312C86C0CF00571D27 /* MovieDetailScreen.swift */ = {isa = PBXFileReference; lastKnownFileType = sourcecode.swift; path = MovieDetailScreen.swift; sourceTree = "<group>"; };
		6E2A29332C86DA4E00571D27 /* Review.swift */ = {isa = PBXFileReference; lastKnownFileType = sourcecode.swift; path = Review.swift; sourceTree = "<group>"; };
		6E2A29352C8707F100571D27 /* AddReviewScreen.swift */ = {isa = PBXFileReference; lastKnownFileType = sourcecode.swift; path = AddReviewScreen.swift; sourceTree = "<group>"; };
		6E2A29372C87575300571D27 /* ReviewListView.swift */ = {isa = PBXFileReference; lastKnownFileType = sourcecode.swift; path = ReviewListView.swift; sourceTree = "<group>"; };
		6E2A29392C882F0300571D27 /* Actor.swift */ = {isa = PBXFileReference; lastKnownFileType = sourcecode.swift; path = Actor.swift; sourceTree = "<group>"; };
		6E2A293B2C889FFC00571D27 /* ActorListView.swift */ = {isa = PBXFileReference; lastKnownFileType = sourcecode.swift; path = ActorListView.swift; sourceTree = "<group>"; };
		6E2A293D2C8954C600571D27 /* ActorSelectionView.swift */ = {isa = PBXFileReference; lastKnownFileType = sourcecode.swift; path = ActorSelectionView.swift; sourceTree = "<group>"; };
		6E2A293F2C89F9BE00571D27 /* ActorCellView.swift */ = {isa = PBXFileReference; lastKnownFileType = sourcecode.swift; path = ActorCellView.swift; sourceTree = "<group>"; };
		6E2A29412C8A02F600571D27 /* ActorDetailScreen.swift */ = {isa = PBXFileReference; lastKnownFileType = sourcecode.swift; path = ActorDetailScreen.swift; sourceTree = "<group>"; };
		6E2A29432C8A043E00571D27 /* MovieSelectionView.swift */ = {isa = PBXFileReference; lastKnownFileType = sourcecode.swift; path = MovieSelectionView.swift; sourceTree = "<group>"; };
/* End PBXFileReference section */

/* Begin PBXFrameworksBuildPhase section */
		6E2A290F2C85B63A00571D27 /* Frameworks */ = {
			isa = PBXFrameworksBuildPhase;
			buildActionMask = 2147483647;
			files = (
			);
			runOnlyForDeploymentPostprocessing = 0;
		};
/* End PBXFrameworksBuildPhase section */

/* Begin PBXGroup section */
		6E2A29092C85B63A00571D27 = {
			isa = PBXGroup;
			children = (
				6E2A29142C85B63A00571D27 /* Movies */,
				6E2A29132C85B63A00571D27 /* Products */,
			);
			sourceTree = "<group>";
		};
		6E2A29132C85B63A00571D27 /* Products */ = {
			isa = PBXGroup;
			children = (
				6E2A29122C85B63A00571D27 /* Movies.app */,
			);
			name = Products;
			sourceTree = "<group>";
		};
		6E2A29142C85B63A00571D27 /* Movies */ = {
			isa = PBXGroup;
			children = (
				6E2A292E2C86BE5100571D27 /* Views */,
				6E2A29292C85F67200571D27 /* Extensions */,
				6E2A29262C85F5C300571D27 /* Screens */,
				6E2A29232C85F4BD00571D27 /* Models */,
				6E2A29152C85B63A00571D27 /* MoviesApp.swift */,
				6E2A29172C85B63A00571D27 /* ContentView.swift */,
				6E2A29192C85B63C00571D27 /* Assets.xcassets */,
				6E2A291B2C85B63C00571D27 /* Preview Content */,
			);
			path = Movies;
			sourceTree = "<group>";
		};
		6E2A291B2C85B63C00571D27 /* Preview Content */ = {
			isa = PBXGroup;
			children = (
				6E2A291C2C85B63C00571D27 /* Preview Assets.xcassets */,
			);
			path = "Preview Content";
			sourceTree = "<group>";
		};
		6E2A29232C85F4BD00571D27 /* Models */ = {
			isa = PBXGroup;
			children = (
				6E2A29242C85F4D100571D27 /* Movie.swift */,
				6E2A29332C86DA4E00571D27 /* Review.swift */,
				6E2A29392C882F0300571D27 /* Actor.swift */,
			);
			path = Models;
			sourceTree = "<group>";
		};
		6E2A29262C85F5C300571D27 /* Screens */ = {
			isa = PBXGroup;
			children = (
				6E2A29272C85F5D700571D27 /* AddMovieScreen.swift */,
				6E2A292C2C85FB1000571D27 /* MovieListScreen.swift */,
				6E2A29312C86C0CF00571D27 /* MovieDetailScreen.swift */,
				6E2A29352C8707F100571D27 /* AddReviewScreen.swift */,
				6E2A29412C8A02F600571D27 /* ActorDetailScreen.swift */,
			);
			path = Screens;
			sourceTree = "<group>";
		};
		6E2A29292C85F67200571D27 /* Extensions */ = {
			isa = PBXGroup;
			children = (
				6E2A292A2C85F68900571D27 /* String+Extensions.swift */,
			);
			path = Extensions;
			sourceTree = "<group>";
		};
		6E2A292E2C86BE5100571D27 /* Views */ = {
			isa = PBXGroup;
			children = (
				6E2A292F2C86BE6500571D27 /* MovieListView.swift */,
				6E2A29372C87575300571D27 /* ReviewListView.swift */,
				6E2A293B2C889FFC00571D27 /* ActorListView.swift */,
				6E2A293D2C8954C600571D27 /* ActorSelectionView.swift */,
				6E2A293F2C89F9BE00571D27 /* ActorCellView.swift */,
				6E2A29432C8A043E00571D27 /* MovieSelectionView.swift */,
			);
			path = Views;
			sourceTree = "<group>";
		};
/* End PBXGroup section */

/* Begin PBXNativeTarget section */
		6E2A29112C85B63A00571D27 /* Movies */ = {
			isa = PBXNativeTarget;
			buildConfigurationList = 6E2A29202C85B63C00571D27 /* Build configuration list for PBXNativeTarget "Movies" */;
			buildPhases = (
				6E2A290E2C85B63A00571D27 /* Sources */,
				6E2A290F2C85B63A00571D27 /* Frameworks */,
				6E2A29102C85B63A00571D27 /* Resources */,
			);
			buildRules = (
			);
			dependencies = (
			);
			name = Movies;
			productName = Movies;
			productReference = 6E2A29122C85B63A00571D27 /* Movies.app */;
			productType = "com.apple.product-type.application";
		};
/* End PBXNativeTarget section */

/* Begin PBXProject section */
		6E2A290A2C85B63A00571D27 /* Project object */ = {
			isa = PBXProject;
			attributes = {
				BuildIndependentTargetsInParallel = 1;
				LastSwiftUpdateCheck = 1540;
				LastUpgradeCheck = 1540;
				TargetAttributes = {
					6E2A29112C85B63A00571D27 = {
						CreatedOnToolsVersion = 15.4;
					};
				};
			};
			buildConfigurationList = 6E2A290D2C85B63A00571D27 /* Build configuration list for PBXProject "Movies" */;
			compatibilityVersion = "Xcode 14.0";
			developmentRegion = en;
			hasScannedForEncodings = 0;
			knownRegions = (
				en,
				Base,
			);
			mainGroup = 6E2A29092C85B63A00571D27;
			productRefGroup = 6E2A29132C85B63A00571D27 /* Products */;
			projectDirPath = "";
			projectRoot = "";
			targets = (
				6E2A29112C85B63A00571D27 /* Movies */,
			);
		};
/* End PBXProject section */

/* Begin PBXResourcesBuildPhase section */
		6E2A29102C85B63A00571D27 /* Resources */ = {
			isa = PBXResourcesBuildPhase;
			buildActionMask = 2147483647;
			files = (
				6E2A291D2C85B63C00571D27 /* Preview Assets.xcassets in Resources */,
				6E2A291A2C85B63C00571D27 /* Assets.xcassets in Resources */,
			);
			runOnlyForDeploymentPostprocessing = 0;
		};
/* End PBXResourcesBuildPhase section */

/* Begin PBXSourcesBuildPhase section */
		6E2A290E2C85B63A00571D27 /* Sources */ = {
			isa = PBXSourcesBuildPhase;
			buildActionMask = 2147483647;
			files = (
				6E2A292B2C85F68900571D27 /* String+Extensions.swift in Sources */,
				6E2A293C2C889FFC00571D27 /* ActorListView.swift in Sources */,
				6E2A29302C86BE6500571D27 /* MovieListView.swift in Sources */,
				6E2A29442C8A043E00571D27 /* MovieSelectionView.swift in Sources */,
				6E2A29382C87575300571D27 /* ReviewListView.swift in Sources */,
				6E2A293A2C882F0300571D27 /* Actor.swift in Sources */,
				6E2A29342C86DA4E00571D27 /* Review.swift in Sources */,
				6E2A29282C85F5D700571D27 /* AddMovieScreen.swift in Sources */,
				6E2A292D2C85FB1000571D27 /* MovieListScreen.swift in Sources */,
				6E2A29182C85B63A00571D27 /* ContentView.swift in Sources */,
				6E2A293E2C8954C600571D27 /* ActorSelectionView.swift in Sources */,
				6E2A29322C86C0CF00571D27 /* MovieDetailScreen.swift in Sources */,
				6E2A29162C85B63A00571D27 /* MoviesApp.swift in Sources */,
				6E2A29252C85F4D100571D27 /* Movie.swift in Sources */,
				6E2A29362C8707F100571D27 /* AddReviewScreen.swift in Sources */,
				6E2A29422C8A02F600571D27 /* ActorDetailScreen.swift in Sources */,
				6E2A29402C89F9BE00571D27 /* ActorCellView.swift in Sources */,
			);
			runOnlyForDeploymentPostprocessing = 0;
		};
/* End PBXSourcesBuildPhase section */

/* Begin XCBuildConfiguration section */
		6E2A291E2C85B63C00571D27 /* Debug */ = {
			isa = XCBuildConfiguration;
			buildSettings = {
				ALWAYS_SEARCH_USER_PATHS = NO;
				ASSETCATALOG_COMPILER_GENERATE_SWIFT_ASSET_SYMBOL_EXTENSIONS = YES;
				CLANG_ANALYZER_NONNULL = YES;
				CLANG_ANALYZER_NUMBER_OBJECT_CONVERSION = YES_AGGRESSIVE;
				CLANG_CXX_LANGUAGE_STANDARD = "gnu++20";
				CLANG_ENABLE_MODULES = YES;
				CLANG_ENABLE_OBJC_ARC = YES;
				CLANG_ENABLE_OBJC_WEAK = YES;
				CLANG_WARN_BLOCK_CAPTURE_AUTORELEASING = YES;
				CLANG_WARN_BOOL_CONVERSION = YES;
				CLANG_WARN_COMMA = YES;
				CLANG_WARN_CONSTANT_CONVERSION = YES;
				CLANG_WARN_DEPRECATED_OBJC_IMPLEMENTATIONS = YES;
				CLANG_WARN_DIRECT_OBJC_ISA_USAGE = YES_ERROR;
				CLANG_WARN_DOCUMENTATION_COMMENTS = YES;
				CLANG_WARN_EMPTY_BODY = YES;
				CLANG_WARN_ENUM_CONVERSION = YES;
				CLANG_WARN_INFINITE_RECURSION = YES;
				CLANG_WARN_INT_CONVERSION = YES;
				CLANG_WARN_NON_LITERAL_NULL_CONVERSION = YES;
				CLANG_WARN_OBJC_IMPLICIT_RETAIN_SELF = YES;
				CLANG_WARN_OBJC_LITERAL_CONVERSION = YES;
				CLANG_WARN_OBJC_ROOT_CLASS = YES_ERROR;
				CLANG_WARN_QUOTED_INCLUDE_IN_FRAMEWORK_HEADER = YES;
				CLANG_WARN_RANGE_LOOP_ANALYSIS = YES;
				CLANG_WARN_STRICT_PROTOTYPES = YES;
				CLANG_WARN_SUSPICIOUS_MOVE = YES;
				CLANG_WARN_UNGUARDED_AVAILABILITY = YES_AGGRESSIVE;
				CLANG_WARN_UNREACHABLE_CODE = YES;
				CLANG_WARN__DUPLICATE_METHOD_MATCH = YES;
				COPY_PHASE_STRIP = NO;
				DEBUG_INFORMATION_FORMAT = dwarf;
				ENABLE_STRICT_OBJC_MSGSEND = YES;
				ENABLE_TESTABILITY = YES;
				ENABLE_USER_SCRIPT_SANDBOXING = YES;
				GCC_C_LANGUAGE_STANDARD = gnu17;
				GCC_DYNAMIC_NO_PIC = NO;
				GCC_NO_COMMON_BLOCKS = YES;
				GCC_OPTIMIZATION_LEVEL = 0;
				GCC_PREPROCESSOR_DEFINITIONS = (
					"DEBUG=1",
					"$(inherited)",
				);
				GCC_WARN_64_TO_32_BIT_CONVERSION = YES;
				GCC_WARN_ABOUT_RETURN_TYPE = YES_ERROR;
				GCC_WARN_UNDECLARED_SELECTOR = YES;
				GCC_WARN_UNINITIALIZED_AUTOS = YES_AGGRESSIVE;
				GCC_WARN_UNUSED_FUNCTION = YES;
				GCC_WARN_UNUSED_VARIABLE = YES;
				IPHONEOS_DEPLOYMENT_TARGET = 17.5;
				LOCALIZATION_PREFERS_STRING_CATALOGS = YES;
				MTL_ENABLE_DEBUG_INFO = INCLUDE_SOURCE;
				MTL_FAST_MATH = YES;
				ONLY_ACTIVE_ARCH = YES;
				SDKROOT = iphoneos;
				SWIFT_ACTIVE_COMPILATION_CONDITIONS = "DEBUG $(inherited)";
				SWIFT_OPTIMIZATION_LEVEL = "-Onone";
			};
			name = Debug;
		};
		6E2A291F2C85B63C00571D27 /* Release */ = {
			isa = XCBuildConfiguration;
			buildSettings = {
				ALWAYS_SEARCH_USER_PATHS = NO;
				ASSETCATALOG_COMPILER_GENERATE_SWIFT_ASSET_SYMBOL_EXTENSIONS = YES;
				CLANG_ANALYZER_NONNULL = YES;
				CLANG_ANALYZER_NUMBER_OBJECT_CONVERSION = YES_AGGRESSIVE;
				CLANG_CXX_LANGUAGE_STANDARD = "gnu++20";
				CLANG_ENABLE_MODULES = YES;
				CLANG_ENABLE_OBJC_ARC = YES;
				CLANG_ENABLE_OBJC_WEAK = YES;
				CLANG_WARN_BLOCK_CAPTURE_AUTORELEASING = YES;
				CLANG_WARN_BOOL_CONVERSION = YES;
				CLANG_WARN_COMMA = YES;
				CLANG_WARN_CONSTANT_CONVERSION = YES;
				CLANG_WARN_DEPRECATED_OBJC_IMPLEMENTATIONS = YES;
				CLANG_WARN_DIRECT_OBJC_ISA_USAGE = YES_ERROR;
				CLANG_WARN_DOCUMENTATION_COMMENTS = YES;
				CLANG_WARN_EMPTY_BODY = YES;
				CLANG_WARN_ENUM_CONVERSION = YES;
				CLANG_WARN_INFINITE_RECURSION = YES;
				CLANG_WARN_INT_CONVERSION = YES;
				CLANG_WARN_NON_LITERAL_NULL_CONVERSION = YES;
				CLANG_WARN_OBJC_IMPLICIT_RETAIN_SELF = YES;
				CLANG_WARN_OBJC_LITERAL_CONVERSION = YES;
				CLANG_WARN_OBJC_ROOT_CLASS = YES_ERROR;
				CLANG_WARN_QUOTED_INCLUDE_IN_FRAMEWORK_HEADER = YES;
				CLANG_WARN_RANGE_LOOP_ANALYSIS = YES;
				CLANG_WARN_STRICT_PROTOTYPES = YES;
				CLANG_WARN_SUSPICIOUS_MOVE = YES;
				CLANG_WARN_UNGUARDED_AVAILABILITY = YES_AGGRESSIVE;
				CLANG_WARN_UNREACHABLE_CODE = YES;
				CLANG_WARN__DUPLICATE_METHOD_MATCH = YES;
				COPY_PHASE_STRIP = NO;
				DEBUG_INFORMATION_FORMAT = "dwarf-with-dsym";
				ENABLE_NS_ASSERTIONS = NO;
				ENABLE_STRICT_OBJC_MSGSEND = YES;
				ENABLE_USER_SCRIPT_SANDBOXING = YES;
				GCC_C_LANGUAGE_STANDARD = gnu17;
				GCC_NO_COMMON_BLOCKS = YES;
				GCC_WARN_64_TO_32_BIT_CONVERSION = YES;
				GCC_WARN_ABOUT_RETURN_TYPE = YES_ERROR;
				GCC_WARN_UNDECLARED_SELECTOR = YES;
				GCC_WARN_UNINITIALIZED_AUTOS = YES_AGGRESSIVE;
				GCC_WARN_UNUSED_FUNCTION = YES;
				GCC_WARN_UNUSED_VARIABLE = YES;
				IPHONEOS_DEPLOYMENT_TARGET = 17.5;
				LOCALIZATION_PREFERS_STRING_CATALOGS = YES;
				MTL_ENABLE_DEBUG_INFO = NO;
				MTL_FAST_MATH = YES;
				SDKROOT = iphoneos;
				SWIFT_COMPILATION_MODE = wholemodule;
				VALIDATE_PRODUCT = YES;
			};
			name = Release;
		};
		6E2A29212C85B63C00571D27 /* Debug */ = {
			isa = XCBuildConfiguration;
			buildSettings = {
				ASSETCATALOG_COMPILER_APPICON_NAME = AppIcon;
				ASSETCATALOG_COMPILER_GLOBAL_ACCENT_COLOR_NAME = AccentColor;
				CODE_SIGN_STYLE = Automatic;
				CURRENT_PROJECT_VERSION = 1;
				DEVELOPMENT_ASSET_PATHS = "\"Movies/Preview Content\"";
				DEVELOPMENT_TEAM = UPWZYM9BJD;
				ENABLE_PREVIEWS = YES;
				GENERATE_INFOPLIST_FILE = YES;
				INFOPLIST_KEY_UIApplicationSceneManifest_Generation = YES;
				INFOPLIST_KEY_UIApplicationSupportsIndirectInputEvents = YES;
				INFOPLIST_KEY_UILaunchScreen_Generation = YES;
				INFOPLIST_KEY_UISupportedInterfaceOrientations_iPad = "UIInterfaceOrientationPortrait UIInterfaceOrientationPortraitUpsideDown UIInterfaceOrientationLandscapeLeft UIInterfaceOrientationLandscapeRight";
				INFOPLIST_KEY_UISupportedInterfaceOrientations_iPhone = "UIInterfaceOrientationPortrait UIInterfaceOrientationLandscapeLeft UIInterfaceOrientationLandscapeRight";
				LD_RUNPATH_SEARCH_PATHS = (
					"$(inherited)",
					"@executable_path/Frameworks",
				);
				MARKETING_VERSION = 1.0;
				PRODUCT_BUNDLE_IDENTIFIER = com.thientran.Movies;
				PRODUCT_NAME = "$(TARGET_NAME)";
				SWIFT_EMIT_LOC_STRINGS = YES;
				SWIFT_VERSION = 5.0;
				TARGETED_DEVICE_FAMILY = "1,2";
			};
			name = Debug;
		};
		6E2A29222C85B63C00571D27 /* Release */ = {
			isa = XCBuildConfiguration;
			buildSettings = {
				ASSETCATALOG_COMPILER_APPICON_NAME = AppIcon;
				ASSETCATALOG_COMPILER_GLOBAL_ACCENT_COLOR_NAME = AccentColor;
				CODE_SIGN_STYLE = Automatic;
				CURRENT_PROJECT_VERSION = 1;
				DEVELOPMENT_ASSET_PATHS = "\"Movies/Preview Content\"";
				DEVELOPMENT_TEAM = UPWZYM9BJD;
				ENABLE_PREVIEWS = YES;
				GENERATE_INFOPLIST_FILE = YES;
				INFOPLIST_KEY_UIApplicationSceneManifest_Generation = YES;
				INFOPLIST_KEY_UIApplicationSupportsIndirectInputEvents = YES;
				INFOPLIST_KEY_UILaunchScreen_Generation = YES;
				INFOPLIST_KEY_UISupportedInterfaceOrientations_iPad = "UIInterfaceOrientationPortrait UIInterfaceOrientationPortraitUpsideDown UIInterfaceOrientationLandscapeLeft UIInterfaceOrientationLandscapeRight";
				INFOPLIST_KEY_UISupportedInterfaceOrientations_iPhone = "UIInterfaceOrientationPortrait UIInterfaceOrientationLandscapeLeft UIInterfaceOrientationLandscapeRight";
				LD_RUNPATH_SEARCH_PATHS = (
					"$(inherited)",
					"@executable_path/Frameworks",
				);
				MARKETING_VERSION = 1.0;
				PRODUCT_BUNDLE_IDENTIFIER = com.thientran.Movies;
				PRODUCT_NAME = "$(TARGET_NAME)";
				SWIFT_EMIT_LOC_STRINGS = YES;
				SWIFT_VERSION = 5.0;
				TARGETED_DEVICE_FAMILY = "1,2";
			};
			name = Release;
		};
/* End XCBuildConfiguration section */

/* Begin XCConfigurationList section */
		6E2A290D2C85B63A00571D27 /* Build configuration list for PBXProject "Movies" */ = {
			isa = XCConfigurationList;
			buildConfigurations = (
				6E2A291E2C85B63C00571D27 /* Debug */,
				6E2A291F2C85B63C00571D27 /* Release */,
			);
			defaultConfigurationIsVisible = 0;
			defaultConfigurationName = Release;
		};
		6E2A29202C85B63C00571D27 /* Build configuration list for PBXNativeTarget "Movies" */ = {
			isa = XCConfigurationList;
			buildConfigurations = (
				6E2A29212C85B63C00571D27 /* Debug */,
				6E2A29222C85B63C00571D27 /* Release */,
			);
			defaultConfigurationIsVisible = 0;
			defaultConfigurationName = Release;
		};
/* End XCConfigurationList section */
	};
	rootObject = 6E2A290A2C85B63A00571D27 /* Project object */;
}
