// !$*UTF8*$!
{
	archiveVersion = 1;
	classes = {
	};
	objectVersion = 77;
	objects = {

/* Begin PBXContainerItemProxy section */
		6E891AC52CCA55910069CE77 /* PBXContainerItemProxy */ = {
			isa = PBXContainerItemProxy;
			containerPortal = 6E891AAC2CCA558F0069CE77 /* Project object */;
			proxyType = 1;
			remoteGlobalIDString = 6E891AB32CCA558F0069CE77;
			remoteInfo = MultiImageView;
		};
		6E891ACF2CCA55910069CE77 /* PBXContainerItemProxy */ = {
			isa = PBXContainerItemProxy;
			containerPortal = 6E891AAC2CCA558F0069CE77 /* Project object */;
			proxyType = 1;
			remoteGlobalIDString = 6E891AB32CCA558F0069CE77;
			remoteInfo = MultiImageView;
		};
/* End PBXContainerItemProxy section */

/* Begin PBXFileReference section */
		6E891AB42CCA558F0069CE77 /* MultiImageView.app */ = {isa = PBXFileReference; explicitFileType = wrapper.application; includeInIndex = 0; path = MultiImageView.app; sourceTree = BUILT_PRODUCTS_DIR; };
		6E891AC42CCA55910069CE77 /* MultiImageViewTests.xctest */ = {isa = PBXFileReference; explicitFileType = wrapper.cfbundle; includeInIndex = 0; path = MultiImageViewTests.xctest; sourceTree = BUILT_PRODUCTS_DIR; };
		6E891ACE2CCA55910069CE77 /* MultiImageViewUITests.xctest */ = {isa = PBXFileReference; explicitFileType = wrapper.cfbundle; includeInIndex = 0; path = MultiImageViewUITests.xctest; sourceTree = BUILT_PRODUCTS_DIR; };
/* End PBXFileReference section */

/* Begin PBXFileSystemSynchronizedRootGroup section */
		6E891AB62CCA558F0069CE77 /* MultiImageView */ = {
			isa = PBXFileSystemSynchronizedRootGroup;
			path = MultiImageView;
			sourceTree = "<group>";
		};
		6E891AC72CCA55910069CE77 /* MultiImageViewTests */ = {
			isa = PBXFileSystemSynchronizedRootGroup;
			path = MultiImageViewTests;
			sourceTree = "<group>";
		};
		6E891AD12CCA55910069CE77 /* MultiImageViewUITests */ = {
			isa = PBXFileSystemSynchronizedRootGroup;
			path = MultiImageViewUITests;
			sourceTree = "<group>";
		};
/* End PBXFileSystemSynchronizedRootGroup section */

/* Begin PBXFrameworksBuildPhase section */
		6E891AB12CCA558F0069CE77 /* Frameworks */ = {
			isa = PBXFrameworksBuildPhase;
			buildActionMask = 2147483647;
			files = (
			);
			runOnlyForDeploymentPostprocessing = 0;
		};
		6E891AC12CCA55910069CE77 /* Frameworks */ = {
			isa = PBXFrameworksBuildPhase;
			buildActionMask = 2147483647;
			files = (
			);
			runOnlyForDeploymentPostprocessing = 0;
		};
		6E891ACB2CCA55910069CE77 /* Frameworks */ = {
			isa = PBXFrameworksBuildPhase;
			buildActionMask = 2147483647;
			files = (
			);
			runOnlyForDeploymentPostprocessing = 0;
		};
/* End PBXFrameworksBuildPhase section */

/* Begin PBXGroup section */
		6E891AAB2CCA558F0069CE77 = {
			isa = PBXGroup;
			children = (
				6E891AB62CCA558F0069CE77 /* MultiImageView */,
				6E891AC72CCA55910069CE77 /* MultiImageViewTests */,
				6E891AD12CCA55910069CE77 /* MultiImageViewUITests */,
				6E891AB52CCA558F0069CE77 /* Products */,
			);
			sourceTree = "<group>";
		};
		6E891AB52CCA558F0069CE77 /* Products */ = {
			isa = PBXGroup;
			children = (
				6E891AB42CCA558F0069CE77 /* MultiImageView.app */,
				6E891AC42CCA55910069CE77 /* MultiImageViewTests.xctest */,
				6E891ACE2CCA55910069CE77 /* MultiImageViewUITests.xctest */,
			);
			name = Products;
			sourceTree = "<group>";
		};
/* End PBXGroup section */

/* Begin PBXNativeTarget section */
		6E891AB32CCA558F0069CE77 /* MultiImageView */ = {
			isa = PBXNativeTarget;
			buildConfigurationList = 6E891AD82CCA55910069CE77 /* Build configuration list for PBXNativeTarget "MultiImageView" */;
			buildPhases = (
				6E891AB02CCA558F0069CE77 /* Sources */,
				6E891AB12CCA558F0069CE77 /* Frameworks */,
				6E891AB22CCA558F0069CE77 /* Resources */,
			);
			buildRules = (
			);
			dependencies = (
			);
			fileSystemSynchronizedGroups = (
				6E891AB62CCA558F0069CE77 /* MultiImageView */,
			);
			name = MultiImageView;
			packageProductDependencies = (
			);
			productName = MultiImageView;
			productReference = 6E891AB42CCA558F0069CE77 /* MultiImageView.app */;
			productType = "com.apple.product-type.application";
		};
		6E891AC32CCA55910069CE77 /* MultiImageViewTests */ = {
			isa = PBXNativeTarget;
			buildConfigurationList = 6E891ADB2CCA55910069CE77 /* Build configuration list for PBXNativeTarget "MultiImageViewTests" */;
			buildPhases = (
				6E891AC02CCA55910069CE77 /* Sources */,
				6E891AC12CCA55910069CE77 /* Frameworks */,
				6E891AC22CCA55910069CE77 /* Resources */,
			);
			buildRules = (
			);
			dependencies = (
				6E891AC62CCA55910069CE77 /* PBXTargetDependency */,
			);
			fileSystemSynchronizedGroups = (
				6E891AC72CCA55910069CE77 /* MultiImageViewTests */,
			);
			name = MultiImageViewTests;
			packageProductDependencies = (
			);
			productName = MultiImageViewTests;
			productReference = 6E891AC42CCA55910069CE77 /* MultiImageViewTests.xctest */;
			productType = "com.apple.product-type.bundle.unit-test";
		};
		6E891ACD2CCA55910069CE77 /* MultiImageViewUITests */ = {
			isa = PBXNativeTarget;
			buildConfigurationList = 6E891ADE2CCA55910069CE77 /* Build configuration list for PBXNativeTarget "MultiImageViewUITests" */;
			buildPhases = (
				6E891ACA2CCA55910069CE77 /* Sources */,
				6E891ACB2CCA55910069CE77 /* Frameworks */,
				6E891ACC2CCA55910069CE77 /* Resources */,
			);
			buildRules = (
			);
			dependencies = (
				6E891AD02CCA55910069CE77 /* PBXTargetDependency */,
			);
			fileSystemSynchronizedGroups = (
				6E891AD12CCA55910069CE77 /* MultiImageViewUITests */,
			);
			name = MultiImageViewUITests;
			packageProductDependencies = (
			);
			productName = MultiImageViewUITests;
			productReference = 6E891ACE2CCA55910069CE77 /* MultiImageViewUITests.xctest */;
			productType = "com.apple.product-type.bundle.ui-testing";
		};
/* End PBXNativeTarget section */

/* Begin PBXProject section */
		6E891AAC2CCA558F0069CE77 /* Project object */ = {
			isa = PBXProject;
			attributes = {
				BuildIndependentTargetsInParallel = 1;
				LastSwiftUpdateCheck = 1600;
				LastUpgradeCheck = 1600;
				TargetAttributes = {
					6E891AB32CCA558F0069CE77 = {
						CreatedOnToolsVersion = 16.0;
					};
					6E891AC32CCA55910069CE77 = {
						CreatedOnToolsVersion = 16.0;
						TestTargetID = 6E891AB32CCA558F0069CE77;
					};
					6E891ACD2CCA55910069CE77 = {
						CreatedOnToolsVersion = 16.0;
						TestTargetID = 6E891AB32CCA558F0069CE77;
					};
				};
			};
			buildConfigurationList = 6E891AAF2CCA558F0069CE77 /* Build configuration list for PBXProject "MultiImageView" */;
			developmentRegion = en;
			hasScannedForEncodings = 0;
			knownRegions = (
				en,
				Base,
			);
			mainGroup = 6E891AAB2CCA558F0069CE77;
			minimizedProjectReferenceProxies = 1;
			preferredProjectObjectVersion = 77;
			productRefGroup = 6E891AB52CCA558F0069CE77 /* Products */;
			projectDirPath = "";
			projectRoot = "";
			targets = (
				6E891AB32CCA558F0069CE77 /* MultiImageView */,
				6E891AC32CCA55910069CE77 /* MultiImageViewTests */,
				6E891ACD2CCA55910069CE77 /* MultiImageViewUITests */,
			);
		};
/* End PBXProject section */

/* Begin PBXResourcesBuildPhase section */
		6E891AB22CCA558F0069CE77 /* Resources */ = {
			isa = PBXResourcesBuildPhase;
			buildActionMask = 2147483647;
			files = (
			);
			runOnlyForDeploymentPostprocessing = 0;
		};
		6E891AC22CCA55910069CE77 /* Resources */ = {
			isa = PBXResourcesBuildPhase;
			buildActionMask = 2147483647;
			files = (
			);
			runOnlyForDeploymentPostprocessing = 0;
		};
		6E891ACC2CCA55910069CE77 /* Resources */ = {
			isa = PBXResourcesBuildPhase;
			buildActionMask = 2147483647;
			files = (
			);
			runOnlyForDeploymentPostprocessing = 0;
		};
/* End PBXResourcesBuildPhase section */

/* Begin PBXSourcesBuildPhase section */
		6E891AB02CCA558F0069CE77 /* Sources */ = {
			isa = PBXSourcesBuildPhase;
			buildActionMask = 2147483647;
			files = (
			);
			runOnlyForDeploymentPostprocessing = 0;
		};
		6E891AC02CCA55910069CE77 /* Sources */ = {
			isa = PBXSourcesBuildPhase;
			buildActionMask = 2147483647;
			files = (
			);
			runOnlyForDeploymentPostprocessing = 0;
		};
		6E891ACA2CCA55910069CE77 /* Sources */ = {
			isa = PBXSourcesBuildPhase;
			buildActionMask = 2147483647;
			files = (
			);
			runOnlyForDeploymentPostprocessing = 0;
		};
/* End PBXSourcesBuildPhase section */

/* Begin PBXTargetDependency section */
		6E891AC62CCA55910069CE77 /* PBXTargetDependency */ = {
			isa = PBXTargetDependency;
			target = 6E891AB32CCA558F0069CE77 /* MultiImageView */;
			targetProxy = 6E891AC52CCA55910069CE77 /* PBXContainerItemProxy */;
		};
		6E891AD02CCA55910069CE77 /* PBXTargetDependency */ = {
			isa = PBXTargetDependency;
			target = 6E891AB32CCA558F0069CE77 /* MultiImageView */;
			targetProxy = 6E891ACF2CCA55910069CE77 /* PBXContainerItemProxy */;
		};
/* End PBXTargetDependency section */

/* Begin XCBuildConfiguration section */
		6E891AD62CCA55910069CE77 /* Debug */ = {
			isa = XCBuildConfiguration;
			buildSettings = {
				ALWAYS_SEARCH_USER_PATHS = NO;
				ASSETCATALOG_COMPILER_GENERATE_SWIFT_ASSET_SYMBOL_EXTENSIONS = YES;
				CLANG_ANALYZER_NONNULL = YES;
				CLANG_ANALYZER_NUMBER_OBJECT_CONVERSION = YES_AGGRESSIVE;
				CLANG_CXX_LANGUAGE_STANDARD = "gnu++20";
				CLANG_ENABLE_MODULES = YES;
				CLANG_ENABLE_OBJC_ARC = YES;
				CLANG_ENABLE_OBJC_WEAK = YES;
				CLANG_WARN_BLOCK_CAPTURE_AUTORELEASING = YES;
				CLANG_WARN_BOOL_CONVERSION = YES;
				CLANG_WARN_COMMA = YES;
				CLANG_WARN_CONSTANT_CONVERSION = YES;
				CLANG_WARN_DEPRECATED_OBJC_IMPLEMENTATIONS = YES;
				CLANG_WARN_DIRECT_OBJC_ISA_USAGE = YES_ERROR;
				CLANG_WARN_DOCUMENTATION_COMMENTS = YES;
				CLANG_WARN_EMPTY_BODY = YES;
				CLANG_WARN_ENUM_CONVERSION = YES;
				CLANG_WARN_INFINITE_RECURSION = YES;
				CLANG_WARN_INT_CONVERSION = YES;
				CLANG_WARN_NON_LITERAL_NULL_CONVERSION = YES;
				CLANG_WARN_OBJC_IMPLICIT_RETAIN_SELF = YES;
				CLANG_WARN_OBJC_LITERAL_CONVERSION = YES;
				CLANG_WARN_OBJC_ROOT_CLASS = YES_ERROR;
				CLANG_WARN_QUOTED_INCLUDE_IN_FRAMEWORK_HEADER = YES;
				CLANG_WARN_RANGE_LOOP_ANALYSIS = YES;
				CLANG_WARN_STRICT_PROTOTYPES = YES;
				CLANG_WARN_SUSPICIOUS_MOVE = YES;
				CLANG_WARN_UNGUARDED_AVAILABILITY = YES_AGGRESSIVE;
				CLANG_WARN_UNREACHABLE_CODE = YES;
				CLANG_WARN__DUPLICATE_METHOD_MATCH = YES;
				COPY_PHASE_STRIP = NO;
				DEBUG_INFORMATION_FORMAT = dwarf;
				ENABLE_STRICT_OBJC_MSGSEND = YES;
				ENABLE_TESTABILITY = YES;
				ENABLE_USER_SCRIPT_SANDBOXING = YES;
				GCC_C_LANGUAGE_STANDARD = gnu17;
				GCC_DYNAMIC_NO_PIC = NO;
				GCC_NO_COMMON_BLOCKS = YES;
				GCC_OPTIMIZATION_LEVEL = 0;
				GCC_PREPROCESSOR_DEFINITIONS = (
					"DEBUG=1",
					"$(inherited)",
				);
				GCC_WARN_64_TO_32_BIT_CONVERSION = YES;
				GCC_WARN_ABOUT_RETURN_TYPE = YES_ERROR;
				GCC_WARN_UNDECLARED_SELECTOR = YES;
				GCC_WARN_UNINITIALIZED_AUTOS = YES_AGGRESSIVE;
				GCC_WARN_UNUSED_FUNCTION = YES;
				GCC_WARN_UNUSED_VARIABLE = YES;
				IPHONEOS_DEPLOYMENT_TARGET = 18.0;
				LOCALIZATION_PREFERS_STRING_CATALOGS = YES;
				MTL_ENABLE_DEBUG_INFO = INCLUDE_SOURCE;
				MTL_FAST_MATH = YES;
				ONLY_ACTIVE_ARCH = YES;
				SDKROOT = iphoneos;
				SWIFT_ACTIVE_COMPILATION_CONDITIONS = "DEBUG $(inherited)";
				SWIFT_OPTIMIZATION_LEVEL = "-Onone";
			};
			name = Debug;
		};
		6E891AD72CCA55910069CE77 /* Release */ = {
			isa = XCBuildConfiguration;
			buildSettings = {
				ALWAYS_SEARCH_USER_PATHS = NO;
				ASSETCATALOG_COMPILER_GENERATE_SWIFT_ASSET_SYMBOL_EXTENSIONS = YES;
				CLANG_ANALYZER_NONNULL = YES;
				CLANG_ANALYZER_NUMBER_OBJECT_CONVERSION = YES_AGGRESSIVE;
				CLANG_CXX_LANGUAGE_STANDARD = "gnu++20";
				CLANG_ENABLE_MODULES = YES;
				CLANG_ENABLE_OBJC_ARC = YES;
				CLANG_ENABLE_OBJC_WEAK = YES;
				CLANG_WARN_BLOCK_CAPTURE_AUTORELEASING = YES;
				CLANG_WARN_BOOL_CONVERSION = YES;
				CLANG_WARN_COMMA = YES;
				CLANG_WARN_CONSTANT_CONVERSION = YES;
				CLANG_WARN_DEPRECATED_OBJC_IMPLEMENTATIONS = YES;
				CLANG_WARN_DIRECT_OBJC_ISA_USAGE = YES_ERROR;
				CLANG_WARN_DOCUMENTATION_COMMENTS = YES;
				CLANG_WARN_EMPTY_BODY = YES;
				CLANG_WARN_ENUM_CONVERSION = YES;
				CLANG_WARN_INFINITE_RECURSION = YES;
				CLANG_WARN_INT_CONVERSION = YES;
				CLANG_WARN_NON_LITERAL_NULL_CONVERSION = YES;
				CLANG_WARN_OBJC_IMPLICIT_RETAIN_SELF = YES;
				CLANG_WARN_OBJC_LITERAL_CONVERSION = YES;
				CLANG_WARN_OBJC_ROOT_CLASS = YES_ERROR;
				CLANG_WARN_QUOTED_INCLUDE_IN_FRAMEWORK_HEADER = YES;
				CLANG_WARN_RANGE_LOOP_ANALYSIS = YES;
				CLANG_WARN_STRICT_PROTOTYPES = YES;
				CLANG_WARN_SUSPICIOUS_MOVE = YES;
				CLANG_WARN_UNGUARDED_AVAILABILITY = YES_AGGRESSIVE;
				CLANG_WARN_UNREACHABLE_CODE = YES;
				CLANG_WARN__DUPLICATE_METHOD_MATCH = YES;
				COPY_PHASE_STRIP = NO;
				DEBUG_INFORMATION_FORMAT = "dwarf-with-dsym";
				ENABLE_NS_ASSERTIONS = NO;
				ENABLE_STRICT_OBJC_MSGSEND = YES;
				ENABLE_USER_SCRIPT_SANDBOXING = YES;
				GCC_C_LANGUAGE_STANDARD = gnu17;
				GCC_NO_COMMON_BLOCKS = YES;
				GCC_WARN_64_TO_32_BIT_CONVERSION = YES;
				GCC_WARN_ABOUT_RETURN_TYPE = YES_ERROR;
				GCC_WARN_UNDECLARED_SELECTOR = YES;
				GCC_WARN_UNINITIALIZED_AUTOS = YES_AGGRESSIVE;
				GCC_WARN_UNUSED_FUNCTION = YES;
				GCC_WARN_UNUSED_VARIABLE = YES;
				IPHONEOS_DEPLOYMENT_TARGET = 18.0;
				LOCALIZATION_PREFERS_STRING_CATALOGS = YES;
				MTL_ENABLE_DEBUG_INFO = NO;
				MTL_FAST_MATH = YES;
				SDKROOT = iphoneos;
				SWIFT_COMPILATION_MODE = wholemodule;
				VALIDATE_PRODUCT = YES;
			};
			name = Release;
		};
		6E891AD92CCA55910069CE77 /* Debug */ = {
			isa = XCBuildConfiguration;
			buildSettings = {
				ASSETCATALOG_COMPILER_APPICON_NAME = AppIcon;
				ASSETCATALOG_COMPILER_GLOBAL_ACCENT_COLOR_NAME = AccentColor;
				CODE_SIGN_STYLE = Automatic;
				CURRENT_PROJECT_VERSION = 1;
				DEVELOPMENT_ASSET_PATHS = "\"MultiImageView/Preview Content\"";
				DEVELOPMENT_TEAM = UPWZYM9BJD;
				ENABLE_PREVIEWS = YES;
				GENERATE_INFOPLIST_FILE = YES;
				INFOPLIST_KEY_UIApplicationSceneManifest_Generation = YES;
				INFOPLIST_KEY_UIApplicationSupportsIndirectInputEvents = YES;
				INFOPLIST_KEY_UILaunchScreen_Generation = YES;
				INFOPLIST_KEY_UISupportedInterfaceOrientations_iPad = "UIInterfaceOrientationPortrait UIInterfaceOrientationPortraitUpsideDown UIInterfaceOrientationLandscapeLeft UIInterfaceOrientationLandscapeRight";
				INFOPLIST_KEY_UISupportedInterfaceOrientations_iPhone = "UIInterfaceOrientationPortrait UIInterfaceOrientationLandscapeLeft UIInterfaceOrientationLandscapeRight";
				LD_RUNPATH_SEARCH_PATHS = (
					"$(inherited)",
					"@executable_path/Frameworks",
				);
				MARKETING_VERSION = 1.0;
				PRODUCT_BUNDLE_IDENTIFIER = com.thientran.MultiImageView;
				PRODUCT_NAME = "$(TARGET_NAME)";
				SWIFT_EMIT_LOC_STRINGS = YES;
				SWIFT_VERSION = 5.0;
				TARGETED_DEVICE_FAMILY = "1,2";
			};
			name = Debug;
		};
		6E891ADA2CCA55910069CE77 /* Release */ = {
			isa = XCBuildConfiguration;
			buildSettings = {
				ASSETCATALOG_COMPILER_APPICON_NAME = AppIcon;
				ASSETCATALOG_COMPILER_GLOBAL_ACCENT_COLOR_NAME = AccentColor;
				CODE_SIGN_STYLE = Automatic;
				CURRENT_PROJECT_VERSION = 1;
				DEVELOPMENT_ASSET_PATHS = "\"MultiImageView/Preview Content\"";
				DEVELOPMENT_TEAM = UPWZYM9BJD;
				ENABLE_PREVIEWS = YES;
				GENERATE_INFOPLIST_FILE = YES;
				INFOPLIST_KEY_UIApplicationSceneManifest_Generation = YES;
				INFOPLIST_KEY_UIApplicationSupportsIndirectInputEvents = YES;
				INFOPLIST_KEY_UILaunchScreen_Generation = YES;
				INFOPLIST_KEY_UISupportedInterfaceOrientations_iPad = "UIInterfaceOrientationPortrait UIInterfaceOrientationPortraitUpsideDown UIInterfaceOrientationLandscapeLeft UIInterfaceOrientationLandscapeRight";
				INFOPLIST_KEY_UISupportedInterfaceOrientations_iPhone = "UIInterfaceOrientationPortrait UIInterfaceOrientationLandscapeLeft UIInterfaceOrientationLandscapeRight";
				LD_RUNPATH_SEARCH_PATHS = (
					"$(inherited)",
					"@executable_path/Frameworks",
				);
				MARKETING_VERSION = 1.0;
				PRODUCT_BUNDLE_IDENTIFIER = com.thientran.MultiImageView;
				PRODUCT_NAME = "$(TARGET_NAME)";
				SWIFT_EMIT_LOC_STRINGS = YES;
				SWIFT_VERSION = 5.0;
				TARGETED_DEVICE_FAMILY = "1,2";
			};
			name = Release;
		};
		6E891ADC2CCA55910069CE77 /* Debug */ = {
			isa = XCBuildConfiguration;
			buildSettings = {
				BUNDLE_LOADER = "$(TEST_HOST)";
				CODE_SIGN_STYLE = Automatic;
				CURRENT_PROJECT_VERSION = 1;
				DEVELOPMENT_TEAM = UPWZYM9BJD;
				GENERATE_INFOPLIST_FILE = YES;
				IPHONEOS_DEPLOYMENT_TARGET = 18.0;
				MARKETING_VERSION = 1.0;
				PRODUCT_BUNDLE_IDENTIFIER = com.thientran.MultiImageViewTests;
				PRODUCT_NAME = "$(TARGET_NAME)";
				SWIFT_EMIT_LOC_STRINGS = NO;
				SWIFT_VERSION = 5.0;
				TARGETED_DEVICE_FAMILY = "1,2";
				TEST_HOST = "$(BUILT_PRODUCTS_DIR)/MultiImageView.app/$(BUNDLE_EXECUTABLE_FOLDER_PATH)/MultiImageView";
			};
			name = Debug;
		};
		6E891ADD2CCA55910069CE77 /* Release */ = {
			isa = XCBuildConfiguration;
			buildSettings = {
				BUNDLE_LOADER = "$(TEST_HOST)";
				CODE_SIGN_STYLE = Automatic;
				CURRENT_PROJECT_VERSION = 1;
				DEVELOPMENT_TEAM = UPWZYM9BJD;
				GENERATE_INFOPLIST_FILE = YES;
				IPHONEOS_DEPLOYMENT_TARGET = 18.0;
				MARKETING_VERSION = 1.0;
				PRODUCT_BUNDLE_IDENTIFIER = com.thientran.MultiImageViewTests;
				PRODUCT_NAME = "$(TARGET_NAME)";
				SWIFT_EMIT_LOC_STRINGS = NO;
				SWIFT_VERSION = 5.0;
				TARGETED_DEVICE_FAMILY = "1,2";
				TEST_HOST = "$(BUILT_PRODUCTS_DIR)/MultiImageView.app/$(BUNDLE_EXECUTABLE_FOLDER_PATH)/MultiImageView";
			};
			name = Release;
		};
		6E891ADF2CCA55910069CE77 /* Debug */ = {
			isa = XCBuildConfiguration;
			buildSettings = {
				CODE_SIGN_STYLE = Automatic;
				CURRENT_PROJECT_VERSION = 1;
				DEVELOPMENT_TEAM = UPWZYM9BJD;
				GENERATE_INFOPLIST_FILE = YES;
				MARKETING_VERSION = 1.0;
				PRODUCT_BUNDLE_IDENTIFIER = com.thientran.MultiImageViewUITests;
				PRODUCT_NAME = "$(TARGET_NAME)";
				SWIFT_EMIT_LOC_STRINGS = NO;
				SWIFT_VERSION = 5.0;
				TARGETED_DEVICE_FAMILY = "1,2";
				TEST_TARGET_NAME = MultiImageView;
			};
			name = Debug;
		};
		6E891AE02CCA55910069CE77 /* Release */ = {
			isa = XCBuildConfiguration;
			buildSettings = {
				CODE_SIGN_STYLE = Automatic;
				CURRENT_PROJECT_VERSION = 1;
				DEVELOPMENT_TEAM = UPWZYM9BJD;
				GENERATE_INFOPLIST_FILE = YES;
				MARKETING_VERSION = 1.0;
				PRODUCT_BUNDLE_IDENTIFIER = com.thientran.MultiImageViewUITests;
				PRODUCT_NAME = "$(TARGET_NAME)";
				SWIFT_EMIT_LOC_STRINGS = NO;
				SWIFT_VERSION = 5.0;
				TARGETED_DEVICE_FAMILY = "1,2";
				TEST_TARGET_NAME = MultiImageView;
			};
			name = Release;
		};
/* End XCBuildConfiguration section */

/* Begin XCConfigurationList section */
		6E891AAF2CCA558F0069CE77 /* Build configuration list for PBXProject "MultiImageView" */ = {
			isa = XCConfigurationList;
			buildConfigurations = (
				6E891AD62CCA55910069CE77 /* Debug */,
				6E891AD72CCA55910069CE77 /* Release */,
			);
			defaultConfigurationIsVisible = 0;
			defaultConfigurationName = Release;
		};
		6E891AD82CCA55910069CE77 /* Build configuration list for PBXNativeTarget "MultiImageView" */ = {
			isa = XCConfigurationList;
			buildConfigurations = (
				6E891AD92CCA55910069CE77 /* Debug */,
				6E891ADA2CCA55910069CE77 /* Release */,
			);
			defaultConfigurationIsVisible = 0;
			defaultConfigurationName = Release;
		};
		6E891ADB2CCA55910069CE77 /* Build configuration list for PBXNativeTarget "MultiImageViewTests" */ = {
			isa = XCConfigurationList;
			buildConfigurations = (
				6E891ADC2CCA55910069CE77 /* Debug */,
				6E891ADD2CCA55910069CE77 /* Release */,
			);
			defaultConfigurationIsVisible = 0;
			defaultConfigurationName = Release;
		};
		6E891ADE2CCA55910069CE77 /* Build configuration list for PBXNativeTarget "MultiImageViewUITests" */ = {
			isa = XCConfigurationList;
			buildConfigurations = (
				6E891ADF2CCA55910069CE77 /* Debug */,
				6E891AE02CCA55910069CE77 /* Release */,
			);
			defaultConfigurationIsVisible = 0;
			defaultConfigurationName = Release;
		};
/* End XCConfigurationList section */
	};
	rootObject = 6E891AAC2CCA558F0069CE77 /* Project object */;
}
