// !$*UTF8*$!
{
	archiveVersion = 1;
	classes = {
	};
	objectVersion = 56;
	objects = {

/* Begin PBXBuildFile section */
		6E376A4B2C7644590039AFBA /* BudgetAppApp.swift in Sources */ = {isa = PBXBuildFile; fileRef = 6E376A4A2C7644590039AFBA /* BudgetAppApp.swift */; };
		6E376A4F2C76445A0039AFBA /* Assets.xcassets in Resources */ = {isa = PBXBuildFile; fileRef = 6E376A4E2C76445A0039AFBA /* Assets.xcassets */; };
		6E376A522C76445A0039AFBA /* Preview Assets.xcassets in Resources */ = {isa = PBXBuildFile; fileRef = 6E376A512C76445A0039AFBA /* Preview Assets.xcassets */; };
		6E376A5A2C7644A20039AFBA /* CoreDataProvider.swift in Sources */ = {isa = PBXBuildFile; fileRef = 6E376A592C7644A20039AFBA /* CoreDataProvider.swift */; };
		6E376A5D2C765ECF0039AFBA /* BudgetAppModel.xcdatamodeld in Sources */ = {isa = PBXBuildFile; fileRef = 6E376A5B2C765ECF0039AFBA /* BudgetAppModel.xcdatamodeld */; };
		6E376A602C765FA00039AFBA /* BudgetListScreen.swift in Sources */ = {isa = PBXBuildFile; fileRef = 6E376A5F2C765FA00039AFBA /* BudgetListScreen.swift */; };
		6E376A622C7664F00039AFBA /* AddBudgetScreen.swift in Sources */ = {isa = PBXBuildFile; fileRef = 6E376A612C7664F00039AFBA /* AddBudgetScreen.swift */; };
		6E376A652C7667EC0039AFBA /* String+Extensions.swift in Sources */ = {isa = PBXBuildFile; fileRef = 6E376A642C7667EC0039AFBA /* String+Extensions.swift */; };
		6E376A672C76E9E50039AFBA /* Budget+Extensions.swift in Sources */ = {isa = PBXBuildFile; fileRef = 6E376A662C76E9E50039AFBA /* Budget+Extensions.swift */; };
		6E376A6C2C7A33F60039AFBA /* BudgetDetailScreen.swift in Sources */ = {isa = PBXBuildFile; fileRef = 6E376A6B2C7A33F60039AFBA /* BudgetDetailScreen.swift */; };
		6E376A712C7BB1400039AFBA /* BudgetCellView.swift in Sources */ = {isa = PBXBuildFile; fileRef = 6E376A702C7BB1400039AFBA /* BudgetCellView.swift */; };
		6E376A732C7C7E880039AFBA /* Locale+Extensions.swift in Sources */ = {isa = PBXBuildFile; fileRef = 6E376A722C7C7E880039AFBA /* Locale+Extensions.swift */; };
		6E376A752C7C83980039AFBA /* ExpenseCellView.swift in Sources */ = {isa = PBXBuildFile; fileRef = 6E376A742C7C83980039AFBA /* ExpenseCellView.swift */; };
		6E376A782C7CCBE70039AFBA /* TagsSeeder.swift in Sources */ = {isa = PBXBuildFile; fileRef = 6E376A772C7CCBE70039AFBA /* TagsSeeder.swift */; };
		6E376A7A2C7CD8010039AFBA /* TagView.swift in Sources */ = {isa = PBXBuildFile; fileRef = 6E376A792C7CD8010039AFBA /* TagView.swift */; };
		6E376A7C2C7CE9740039AFBA /* FilterScreen.swift in Sources */ = {isa = PBXBuildFile; fileRef = 6E376A7B2C7CE9740039AFBA /* FilterScreen.swift */; };
/* End PBXBuildFile section */

/* Begin PBXFileReference section */
		6E376A472C7644590039AFBA /* BudgetApp.app */ = {isa = PBXFileReference; explicitFileType = wrapper.application; includeInIndex = 0; path = BudgetApp.app; sourceTree = BUILT_PRODUCTS_DIR; };
		6E376A4A2C7644590039AFBA /* BudgetAppApp.swift */ = {isa = PBXFileReference; lastKnownFileType = sourcecode.swift; path = BudgetAppApp.swift; sourceTree = "<group>"; };
		6E376A4E2C76445A0039AFBA /* Assets.xcassets */ = {isa = PBXFileReference; lastKnownFileType = folder.assetcatalog; path = Assets.xcassets; sourceTree = "<group>"; };
		6E376A512C76445A0039AFBA /* Preview Assets.xcassets */ = {isa = PBXFileReference; lastKnownFileType = folder.assetcatalog; path = "Preview Assets.xcassets"; sourceTree = "<group>"; };
		6E376A592C7644A20039AFBA /* CoreDataProvider.swift */ = {isa = PBXFileReference; lastKnownFileType = sourcecode.swift; path = CoreDataProvider.swift; sourceTree = "<group>"; };
		6E376A5C2C765ECF0039AFBA /* BudgetAppModel.xcdatamodel */ = {isa = PBXFileReference; lastKnownFileType = wrapper.xcdatamodel; path = BudgetAppModel.xcdatamodel; sourceTree = "<group>"; };
		6E376A5F2C765FA00039AFBA /* BudgetListScreen.swift */ = {isa = PBXFileReference; lastKnownFileType = sourcecode.swift; path = BudgetListScreen.swift; sourceTree = "<group>"; };
		6E376A612C7664F00039AFBA /* AddBudgetScreen.swift */ = {isa = PBXFileReference; lastKnownFileType = sourcecode.swift; path = AddBudgetScreen.swift; sourceTree = "<group>"; };
		6E376A642C7667EC0039AFBA /* String+Extensions.swift */ = {isa = PBXFileReference; lastKnownFileType = sourcecode.swift; path = "String+Extensions.swift"; sourceTree = "<group>"; };
		6E376A662C76E9E50039AFBA /* Budget+Extensions.swift */ = {isa = PBXFileReference; lastKnownFileType = sourcecode.swift; path = "Budget+Extensions.swift"; sourceTree = "<group>"; };
		6E376A6B2C7A33F60039AFBA /* BudgetDetailScreen.swift */ = {isa = PBXFileReference; lastKnownFileType = sourcecode.swift; path = BudgetDetailScreen.swift; sourceTree = "<group>"; };
		6E376A702C7BB1400039AFBA /* BudgetCellView.swift */ = {isa = PBXFileReference; lastKnownFileType = sourcecode.swift; path = BudgetCellView.swift; sourceTree = "<group>"; };
		6E376A722C7C7E880039AFBA /* Locale+Extensions.swift */ = {isa = PBXFileReference; lastKnownFileType = sourcecode.swift; path = "Locale+Extensions.swift"; sourceTree = "<group>"; };
		6E376A742C7C83980039AFBA /* ExpenseCellView.swift */ = {isa = PBXFileReference; lastKnownFileType = sourcecode.swift; path = ExpenseCellView.swift; sourceTree = "<group>"; };
		6E376A772C7CCBE70039AFBA /* TagsSeeder.swift */ = {isa = PBXFileReference; lastKnownFileType = sourcecode.swift; path = TagsSeeder.swift; sourceTree = "<group>"; };
		6E376A792C7CD8010039AFBA /* TagView.swift */ = {isa = PBXFileReference; lastKnownFileType = sourcecode.swift; path = TagView.swift; sourceTree = "<group>"; };
		6E376A7B2C7CE9740039AFBA /* FilterScreen.swift */ = {isa = PBXFileReference; lastKnownFileType = sourcecode.swift; path = FilterScreen.swift; sourceTree = "<group>"; };
/* End PBXFileReference section */

/* Begin PBXFrameworksBuildPhase section */
		6E376A442C7644590039AFBA /* Frameworks */ = {
			isa = PBXFrameworksBuildPhase;
			buildActionMask = 2147483647;
			files = (
			);
			runOnlyForDeploymentPostprocessing = 0;
		};
/* End PBXFrameworksBuildPhase section */

/* Begin PBXGroup section */
		6E376A3E2C7644590039AFBA = {
			isa = PBXGroup;
			children = (
				6E376A492C7644590039AFBA /* BudgetApp */,
				6E376A482C7644590039AFBA /* Products */,
			);
			sourceTree = "<group>";
		};
		6E376A482C7644590039AFBA /* Products */ = {
			isa = PBXGroup;
			children = (
				6E376A472C7644590039AFBA /* BudgetApp.app */,
			);
			name = Products;
			sourceTree = "<group>";
		};
		6E376A492C7644590039AFBA /* BudgetApp */ = {
			isa = PBXGroup;
			children = (
				6E376A762C7CCBB60039AFBA /* Seeders */,
				6E376A6F2C7BB1250039AFBA /* Views */,
				6E376A632C7667D60039AFBA /* Extensions */,
				6E376A5E2C765F8C0039AFBA /* Screens */,
				6E376A582C7644890039AFBA /* Provider */,
				6E376A4A2C7644590039AFBA /* BudgetAppApp.swift */,
				6E376A4E2C76445A0039AFBA /* Assets.xcassets */,
				6E376A502C76445A0039AFBA /* Preview Content */,
				6E376A5B2C765ECF0039AFBA /* BudgetAppModel.xcdatamodeld */,
			);
			path = BudgetApp;
			sourceTree = "<group>";
		};
		6E376A502C76445A0039AFBA /* Preview Content */ = {
			isa = PBXGroup;
			children = (
				6E376A512C76445A0039AFBA /* Preview Assets.xcassets */,
			);
			path = "Preview Content";
			sourceTree = "<group>";
		};
		6E376A582C7644890039AFBA /* Provider */ = {
			isa = PBXGroup;
			children = (
				6E376A592C7644A20039AFBA /* CoreDataProvider.swift */,
			);
			path = Provider;
			sourceTree = "<group>";
		};
		6E376A5E2C765F8C0039AFBA /* Screens */ = {
			isa = PBXGroup;
			children = (
				6E376A5F2C765FA00039AFBA /* BudgetListScreen.swift */,
				6E376A612C7664F00039AFBA /* AddBudgetScreen.swift */,
				6E376A6B2C7A33F60039AFBA /* BudgetDetailScreen.swift */,
				6E376A7B2C7CE9740039AFBA /* FilterScreen.swift */,
			);
			path = Screens;
			sourceTree = "<group>";
		};
		6E376A632C7667D60039AFBA /* Extensions */ = {
			isa = PBXGroup;
			children = (
				6E376A642C7667EC0039AFBA /* String+Extensions.swift */,
				6E376A662C76E9E50039AFBA /* Budget+Extensions.swift */,
				6E376A722C7C7E880039AFBA /* Locale+Extensions.swift */,
			);
			path = Extensions;
			sourceTree = "<group>";
		};
		6E376A6F2C7BB1250039AFBA /* Views */ = {
			isa = PBXGroup;
			children = (
				6E376A702C7BB1400039AFBA /* BudgetCellView.swift */,
				6E376A742C7C83980039AFBA /* ExpenseCellView.swift */,
				6E376A792C7CD8010039AFBA /* TagView.swift */,
			);
			path = Views;
			sourceTree = "<group>";
		};
		6E376A762C7CCBB60039AFBA /* Seeders */ = {
			isa = PBXGroup;
			children = (
				6E376A772C7CCBE70039AFBA /* TagsSeeder.swift */,
			);
			path = Seeders;
			sourceTree = "<group>";
		};
/* End PBXGroup section */

/* Begin PBXNativeTarget section */
		6E376A462C7644590039AFBA /* BudgetApp */ = {
			isa = PBXNativeTarget;
			buildConfigurationList = 6E376A552C76445A0039AFBA /* Build configuration list for PBXNativeTarget "BudgetApp" */;
			buildPhases = (
				6E376A432C7644590039AFBA /* Sources */,
				6E376A442C7644590039AFBA /* Frameworks */,
				6E376A452C7644590039AFBA /* Resources */,
			);
			buildRules = (
			);
			dependencies = (
			);
			name = BudgetApp;
			productName = BudgetApp;
			productReference = 6E376A472C7644590039AFBA /* BudgetApp.app */;
			productType = "com.apple.product-type.application";
		};
/* End PBXNativeTarget section */

/* Begin PBXProject section */
		6E376A3F2C7644590039AFBA /* Project object */ = {
			isa = PBXProject;
			attributes = {
				BuildIndependentTargetsInParallel = 1;
				LastSwiftUpdateCheck = 1540;
				LastUpgradeCheck = 1540;
				TargetAttributes = {
					6E376A462C7644590039AFBA = {
						CreatedOnToolsVersion = 15.4;
					};
				};
			};
			buildConfigurationList = 6E376A422C7644590039AFBA /* Build configuration list for PBXProject "BudgetApp" */;
			compatibilityVersion = "Xcode 14.0";
			developmentRegion = en;
			hasScannedForEncodings = 0;
			knownRegions = (
				en,
				Base,
			);
			mainGroup = 6E376A3E2C7644590039AFBA;
			productRefGroup = 6E376A482C7644590039AFBA /* Products */;
			projectDirPath = "";
			projectRoot = "";
			targets = (
				6E376A462C7644590039AFBA /* BudgetApp */,
			);
		};
/* End PBXProject section */

/* Begin PBXResourcesBuildPhase section */
		6E376A452C7644590039AFBA /* Resources */ = {
			isa = PBXResourcesBuildPhase;
			buildActionMask = 2147483647;
			files = (
				6E376A522C76445A0039AFBA /* Preview Assets.xcassets in Resources */,
				6E376A4F2C76445A0039AFBA /* Assets.xcassets in Resources */,
			);
			runOnlyForDeploymentPostprocessing = 0;
		};
/* End PBXResourcesBuildPhase section */

/* Begin PBXSourcesBuildPhase section */
		6E376A432C7644590039AFBA /* Sources */ = {
			isa = PBXSourcesBuildPhase;
			buildActionMask = 2147483647;
			files = (
				6E376A622C7664F00039AFBA /* AddBudgetScreen.swift in Sources */,
				6E376A752C7C83980039AFBA /* ExpenseCellView.swift in Sources */,
				6E376A6C2C7A33F60039AFBA /* BudgetDetailScreen.swift in Sources */,
				6E376A652C7667EC0039AFBA /* String+Extensions.swift in Sources */,
				6E376A672C76E9E50039AFBA /* Budget+Extensions.swift in Sources */,
				6E376A712C7BB1400039AFBA /* BudgetCellView.swift in Sources */,
				6E376A7A2C7CD8010039AFBA /* TagView.swift in Sources */,
				6E376A782C7CCBE70039AFBA /* TagsSeeder.swift in Sources */,
				6E376A602C765FA00039AFBA /* BudgetListScreen.swift in Sources */,
				6E376A7C2C7CE9740039AFBA /* FilterScreen.swift in Sources */,
				6E376A5D2C765ECF0039AFBA /* BudgetAppModel.xcdatamodeld in Sources */,
				6E376A4B2C7644590039AFBA /* BudgetAppApp.swift in Sources */,
				6E376A5A2C7644A20039AFBA /* CoreDataProvider.swift in Sources */,
				6E376A732C7C7E880039AFBA /* Locale+Extensions.swift in Sources */,
			);
			runOnlyForDeploymentPostprocessing = 0;
		};
/* End PBXSourcesBuildPhase section */

/* Begin XCBuildConfiguration section */
		6E376A532C76445A0039AFBA /* Debug */ = {
			isa = XCBuildConfiguration;
			buildSettings = {
				ALWAYS_SEARCH_USER_PATHS = NO;
				ASSETCATALOG_COMPILER_GENERATE_SWIFT_ASSET_SYMBOL_EXTENSIONS = YES;
				CLANG_ANALYZER_NONNULL = YES;
				CLANG_ANALYZER_NUMBER_OBJECT_CONVERSION = YES_AGGRESSIVE;
				CLANG_CXX_LANGUAGE_STANDARD = "gnu++20";
				CLANG_ENABLE_MODULES = YES;
				CLANG_ENABLE_OBJC_ARC = YES;
				CLANG_ENABLE_OBJC_WEAK = YES;
				CLANG_WARN_BLOCK_CAPTURE_AUTORELEASING = YES;
				CLANG_WARN_BOOL_CONVERSION = YES;
				CLANG_WARN_COMMA = YES;
				CLANG_WARN_CONSTANT_CONVERSION = YES;
				CLANG_WARN_DEPRECATED_OBJC_IMPLEMENTATIONS = YES;
				CLANG_WARN_DIRECT_OBJC_ISA_USAGE = YES_ERROR;
				CLANG_WARN_DOCUMENTATION_COMMENTS = YES;
				CLANG_WARN_EMPTY_BODY = YES;
				CLANG_WARN_ENUM_CONVERSION = YES;
				CLANG_WARN_INFINITE_RECURSION = YES;
				CLANG_WARN_INT_CONVERSION = YES;
				CLANG_WARN_NON_LITERAL_NULL_CONVERSION = YES;
				CLANG_WARN_OBJC_IMPLICIT_RETAIN_SELF = YES;
				CLANG_WARN_OBJC_LITERAL_CONVERSION = YES;
				CLANG_WARN_OBJC_ROOT_CLASS = YES_ERROR;
				CLANG_WARN_QUOTED_INCLUDE_IN_FRAMEWORK_HEADER = YES;
				CLANG_WARN_RANGE_LOOP_ANALYSIS = YES;
				CLANG_WARN_STRICT_PROTOTYPES = YES;
				CLANG_WARN_SUSPICIOUS_MOVE = YES;
				CLANG_WARN_UNGUARDED_AVAILABILITY = YES_AGGRESSIVE;
				CLANG_WARN_UNREACHABLE_CODE = YES;
				CLANG_WARN__DUPLICATE_METHOD_MATCH = YES;
				COPY_PHASE_STRIP = NO;
				DEBUG_INFORMATION_FORMAT = dwarf;
				ENABLE_STRICT_OBJC_MSGSEND = YES;
				ENABLE_TESTABILITY = YES;
				ENABLE_USER_SCRIPT_SANDBOXING = YES;
				GCC_C_LANGUAGE_STANDARD = gnu17;
				GCC_DYNAMIC_NO_PIC = NO;
				GCC_NO_COMMON_BLOCKS = YES;
				GCC_OPTIMIZATION_LEVEL = 0;
				GCC_PREPROCESSOR_DEFINITIONS = (
					"DEBUG=1",
					"$(inherited)",
				);
				GCC_WARN_64_TO_32_BIT_CONVERSION = YES;
				GCC_WARN_ABOUT_RETURN_TYPE = YES_ERROR;
				GCC_WARN_UNDECLARED_SELECTOR = YES;
				GCC_WARN_UNINITIALIZED_AUTOS = YES_AGGRESSIVE;
				GCC_WARN_UNUSED_FUNCTION = YES;
				GCC_WARN_UNUSED_VARIABLE = YES;
				IPHONEOS_DEPLOYMENT_TARGET = 17.5;
				LOCALIZATION_PREFERS_STRING_CATALOGS = YES;
				MTL_ENABLE_DEBUG_INFO = INCLUDE_SOURCE;
				MTL_FAST_MATH = YES;
				ONLY_ACTIVE_ARCH = YES;
				SDKROOT = iphoneos;
				SWIFT_ACTIVE_COMPILATION_CONDITIONS = "DEBUG $(inherited)";
				SWIFT_OPTIMIZATION_LEVEL = "-Onone";
			};
			name = Debug;
		};
		6E376A542C76445A0039AFBA /* Release */ = {
			isa = XCBuildConfiguration;
			buildSettings = {
				ALWAYS_SEARCH_USER_PATHS = NO;
				ASSETCATALOG_COMPILER_GENERATE_SWIFT_ASSET_SYMBOL_EXTENSIONS = YES;
				CLANG_ANALYZER_NONNULL = YES;
				CLANG_ANALYZER_NUMBER_OBJECT_CONVERSION = YES_AGGRESSIVE;
				CLANG_CXX_LANGUAGE_STANDARD = "gnu++20";
				CLANG_ENABLE_MODULES = YES;
				CLANG_ENABLE_OBJC_ARC = YES;
				CLANG_ENABLE_OBJC_WEAK = YES;
				CLANG_WARN_BLOCK_CAPTURE_AUTORELEASING = YES;
				CLANG_WARN_BOOL_CONVERSION = YES;
				CLANG_WARN_COMMA = YES;
				CLANG_WARN_CONSTANT_CONVERSION = YES;
				CLANG_WARN_DEPRECATED_OBJC_IMPLEMENTATIONS = YES;
				CLANG_WARN_DIRECT_OBJC_ISA_USAGE = YES_ERROR;
				CLANG_WARN_DOCUMENTATION_COMMENTS = YES;
				CLANG_WARN_EMPTY_BODY = YES;
				CLANG_WARN_ENUM_CONVERSION = YES;
				CLANG_WARN_INFINITE_RECURSION = YES;
				CLANG_WARN_INT_CONVERSION = YES;
				CLANG_WARN_NON_LITERAL_NULL_CONVERSION = YES;
				CLANG_WARN_OBJC_IMPLICIT_RETAIN_SELF = YES;
				CLANG_WARN_OBJC_LITERAL_CONVERSION = YES;
				CLANG_WARN_OBJC_ROOT_CLASS = YES_ERROR;
				CLANG_WARN_QUOTED_INCLUDE_IN_FRAMEWORK_HEADER = YES;
				CLANG_WARN_RANGE_LOOP_ANALYSIS = YES;
				CLANG_WARN_STRICT_PROTOTYPES = YES;
				CLANG_WARN_SUSPICIOUS_MOVE = YES;
				CLANG_WARN_UNGUARDED_AVAILABILITY = YES_AGGRESSIVE;
				CLANG_WARN_UNREACHABLE_CODE = YES;
				CLANG_WARN__DUPLICATE_METHOD_MATCH = YES;
				COPY_PHASE_STRIP = NO;
				DEBUG_INFORMATION_FORMAT = "dwarf-with-dsym";
				ENABLE_NS_ASSERTIONS = NO;
				ENABLE_STRICT_OBJC_MSGSEND = YES;
				ENABLE_USER_SCRIPT_SANDBOXING = YES;
				GCC_C_LANGUAGE_STANDARD = gnu17;
				GCC_NO_COMMON_BLOCKS = YES;
				GCC_WARN_64_TO_32_BIT_CONVERSION = YES;
				GCC_WARN_ABOUT_RETURN_TYPE = YES_ERROR;
				GCC_WARN_UNDECLARED_SELECTOR = YES;
				GCC_WARN_UNINITIALIZED_AUTOS = YES_AGGRESSIVE;
				GCC_WARN_UNUSED_FUNCTION = YES;
				GCC_WARN_UNUSED_VARIABLE = YES;
				IPHONEOS_DEPLOYMENT_TARGET = 17.5;
				LOCALIZATION_PREFERS_STRING_CATALOGS = YES;
				MTL_ENABLE_DEBUG_INFO = NO;
				MTL_FAST_MATH = YES;
				SDKROOT = iphoneos;
				SWIFT_COMPILATION_MODE = wholemodule;
				VALIDATE_PRODUCT = YES;
			};
			name = Release;
		};
		6E376A562C76445A0039AFBA /* Debug */ = {
			isa = XCBuildConfiguration;
			buildSettings = {
				ASSETCATALOG_COMPILER_APPICON_NAME = AppIcon;
				ASSETCATALOG_COMPILER_GLOBAL_ACCENT_COLOR_NAME = AccentColor;
				CODE_SIGN_STYLE = Automatic;
				CURRENT_PROJECT_VERSION = 1;
				DEVELOPMENT_ASSET_PATHS = "\"BudgetApp/Preview Content\"";
				DEVELOPMENT_TEAM = UPWZYM9BJD;
				ENABLE_PREVIEWS = YES;
				GENERATE_INFOPLIST_FILE = YES;
				INFOPLIST_KEY_UIApplicationSceneManifest_Generation = YES;
				INFOPLIST_KEY_UIApplicationSupportsIndirectInputEvents = YES;
				INFOPLIST_KEY_UILaunchScreen_Generation = YES;
				INFOPLIST_KEY_UISupportedInterfaceOrientations_iPad = "UIInterfaceOrientationPortrait UIInterfaceOrientationPortraitUpsideDown UIInterfaceOrientationLandscapeLeft UIInterfaceOrientationLandscapeRight";
				INFOPLIST_KEY_UISupportedInterfaceOrientations_iPhone = "UIInterfaceOrientationPortrait UIInterfaceOrientationLandscapeLeft UIInterfaceOrientationLandscapeRight";
				LD_RUNPATH_SEARCH_PATHS = (
					"$(inherited)",
					"@executable_path/Frameworks",
				);
				MARKETING_VERSION = 1.0;
				PRODUCT_BUNDLE_IDENTIFIER = com.thientran.BudgetApp;
				PRODUCT_NAME = "$(TARGET_NAME)";
				SWIFT_EMIT_LOC_STRINGS = YES;
				SWIFT_VERSION = 5.0;
				TARGETED_DEVICE_FAMILY = "1,2";
			};
			name = Debug;
		};
		6E376A572C76445A0039AFBA /* Release */ = {
			isa = XCBuildConfiguration;
			buildSettings = {
				ASSETCATALOG_COMPILER_APPICON_NAME = AppIcon;
				ASSETCATALOG_COMPILER_GLOBAL_ACCENT_COLOR_NAME = AccentColor;
				CODE_SIGN_STYLE = Automatic;
				CURRENT_PROJECT_VERSION = 1;
				DEVELOPMENT_ASSET_PATHS = "\"BudgetApp/Preview Content\"";
				DEVELOPMENT_TEAM = UPWZYM9BJD;
				ENABLE_PREVIEWS = YES;
				GENERATE_INFOPLIST_FILE = YES;
				INFOPLIST_KEY_UIApplicationSceneManifest_Generation = YES;
				INFOPLIST_KEY_UIApplicationSupportsIndirectInputEvents = YES;
				INFOPLIST_KEY_UILaunchScreen_Generation = YES;
				INFOPLIST_KEY_UISupportedInterfaceOrientations_iPad = "UIInterfaceOrientationPortrait UIInterfaceOrientationPortraitUpsideDown UIInterfaceOrientationLandscapeLeft UIInterfaceOrientationLandscapeRight";
				INFOPLIST_KEY_UISupportedInterfaceOrientations_iPhone = "UIInterfaceOrientationPortrait UIInterfaceOrientationLandscapeLeft UIInterfaceOrientationLandscapeRight";
				LD_RUNPATH_SEARCH_PATHS = (
					"$(inherited)",
					"@executable_path/Frameworks",
				);
				MARKETING_VERSION = 1.0;
				PRODUCT_BUNDLE_IDENTIFIER = com.thientran.BudgetApp;
				PRODUCT_NAME = "$(TARGET_NAME)";
				SWIFT_EMIT_LOC_STRINGS = YES;
				SWIFT_VERSION = 5.0;
				TARGETED_DEVICE_FAMILY = "1,2";
			};
			name = Release;
		};
/* End XCBuildConfiguration section */

/* Begin XCConfigurationList section */
		6E376A422C7644590039AFBA /* Build configuration list for PBXProject "BudgetApp" */ = {
			isa = XCConfigurationList;
			buildConfigurations = (
				6E376A532C76445A0039AFBA /* Debug */,
				6E376A542C76445A0039AFBA /* Release */,
			);
			defaultConfigurationIsVisible = 0;
			defaultConfigurationName = Release;
		};
		6E376A552C76445A0039AFBA /* Build configuration list for PBXNativeTarget "BudgetApp" */ = {
			isa = XCConfigurationList;
			buildConfigurations = (
				6E376A562C76445A0039AFBA /* Debug */,
				6E376A572C76445A0039AFBA /* Release */,
			);
			defaultConfigurationIsVisible = 0;
			defaultConfigurationName = Release;
		};
/* End XCConfigurationList section */

/* Begin XCVersionGroup section */
		6E376A5B2C765ECF0039AFBA /* BudgetAppModel.xcdatamodeld */ = {
			isa = XCVersionGroup;
			children = (
				6E376A5C2C765ECF0039AFBA /* BudgetAppModel.xcdatamodel */,
			);
			currentVersion = 6E376A5C2C765ECF0039AFBA /* BudgetAppModel.xcdatamodel */;
			name = BudgetAppModel.xcdatamodeld;
			path = /Users/thientran/Documents/Swift/SwiftUI/ExampleCode/BudgetApp/BudgetApp/BudgetAppModel.xcdatamodeld;
			sourceTree = "<group>";
			versionGroupType = wrapper.xcdatamodel;
		};
/* End XCVersionGroup section */
	};
	rootObject = 6E376A3F2C7644590039AFBA /* Project object */;
}
